// !$*UTF8*$!
{
	archiveVersion = 1;
	classes = {
	};
	objectVersion = 45;
	objects = {

/* Begin PBXBuildFile section */
		1DDD582C0DA1D0D100B32029 /* AthenaDocument.xib in Resources */ = {isa = PBXBuildFile; fileRef = 1DDD58280DA1D0D100B32029 /* AthenaDocument.xib */; };
		1DDD582D0DA1D0D100B32029 /* MainMenu.xib in Resources */ = {isa = PBXBuildFile; fileRef = 1DDD582A0DA1D0D100B32029 /* MainMenu.xib */; };
		8D15AC2C0486D014006FF6A4 /* Credits.rtf in Resources */ = {isa = PBXBuildFile; fileRef = 2A37F4B9FDCFA73011CA2CEA /* Credits.rtf */; };
		8D15AC2F0486D014006FF6A4 /* InfoPlist.strings in Resources */ = {isa = PBXBuildFile; fileRef = 089C165FFE840EACC02AAC07 /* InfoPlist.strings */; };
		8D15AC310486D014006FF6A4 /* AthenaDocument.m in Sources */ = {isa = PBXBuildFile; fileRef = 2A37F4ACFDCFA73011CA2CEA /* AthenaDocument.m */; settings = {ATTRIBUTES = (); }; };
		8D15AC320486D014006FF6A4 /* main.m in Sources */ = {isa = PBXBuildFile; fileRef = 2A37F4B0FDCFA73011CA2CEA /* main.m */; settings = {ATTRIBUTES = (); }; };
		8D15AC340486D014006FF6A4 /* Cocoa.framework in Frameworks */ = {isa = PBXBuildFile; fileRef = 1058C7A7FEA54F5311CA2CBB /* Cocoa.framework */; };
		D216CF67132420D1008E24F0 /* WeaponView.xib in Resources */ = {isa = PBXBuildFile; fileRef = D216CF66132420D1008E24F0 /* WeaponView.xib */; };
		D216CFF613243027008E24F0 /* WeaponViewController.m in Sources */ = {isa = PBXBuildFile; fileRef = D216CFF413243027008E24F0 /* WeaponViewController.m */; };
		D216E73112E9DE1700D17AFB /* LuaArchiver.m in Sources */ = {isa = PBXBuildFile; fileRef = D216E73012E9DE1700D17AFB /* LuaArchiver.m */; };
		D21EB27912E8BAEF00694EBA /* MainData.m in Sources */ = {isa = PBXBuildFile; fileRef = D21EB27812E8BAEF00694EBA /* MainData.m */; };
		D21EB2BD12E8BDE200694EBA /* lbaselib.c in Sources */ = {isa = PBXBuildFile; fileRef = D21EB28712E8BDE200694EBA /* lbaselib.c */; };
		D21EB2C212E8BDE200694EBA /* ldump.c in Sources */ = {isa = PBXBuildFile; fileRef = D21EB28F12E8BDE200694EBA /* ldump.c */; };
		D21EB2C312E8BDE200694EBA /* lfunc.c in Sources */ = {isa = PBXBuildFile; fileRef = D21EB29012E8BDE200694EBA /* lfunc.c */; };
		D21EB2C812E8BDE200694EBA /* lmathlib.c in Sources */ = {isa = PBXBuildFile; fileRef = D21EB29912E8BDE200694EBA /* lmathlib.c */; };
		D21EB2CD12E8BDE200694EBA /* loslib.c in Sources */ = {isa = PBXBuildFile; fileRef = D21EB2A112E8BDE200694EBA /* loslib.c */; };
		D21EB2D112E8BDE200694EBA /* lstrlib.c in Sources */ = {isa = PBXBuildFile; fileRef = D21EB2A812E8BDE200694EBA /* lstrlib.c */; };
		D21EB2D412E8BDE200694EBA /* ltm.c in Sources */ = {isa = PBXBuildFile; fileRef = D21EB2AC12E8BDE200694EBA /* ltm.c */; };
		D21EB2D912E8BDE200694EBA /* lzio.c in Sources */ = {isa = PBXBuildFile; fileRef = D21EB2B712E8BDE200694EBA /* lzio.c */; };
		D21EB31F12E8C41700694EBA /* BaseObject.m in Sources */ = {isa = PBXBuildFile; fileRef = D21EB31E12E8C41700694EBA /* BaseObject.m */; };
		D21FC228131580E700F33E5A /* ResEntry.m in Sources */ = {isa = PBXBuildFile; fileRef = D21FC227131580E700F33E5A /* ResEntry.m */; };
		D225D5E813035E9A00E75803 /* BriefingEditor.xib in Resources */ = {isa = PBXBuildFile; fileRef = D225D5E713035E9A00E75803 /* BriefingEditor.xib */; };
		D225D64513039F0D00E75803 /* ResUnarchiver.m in Sources */ = {isa = PBXBuildFile; fileRef = D225D64413039F0D00E75803 /* ResUnarchiver.m */; };
		D225D64713039FC500E75803 /* CoreServices.framework in Frameworks */ = {isa = PBXBuildFile; fileRef = D225D64613039FC500E75803 /* CoreServices.framework */; };
		D22F1E7712F84BFE00DAC007 /* ApplicationDelagate.m in Sources */ = {isa = PBXBuildFile; fileRef = D22F1E7612F84BFE00DAC007 /* ApplicationDelagate.m */; };
		D253B46C13033B1300F0F66A /* BriefingEditor.m in Sources */ = {isa = PBXBuildFile; fileRef = D253B46B13033B1300F0F66A /* BriefingEditor.m */; };
		D25A40471327327F0017030B /* FlagMenuPopulator.m in Sources */ = {isa = PBXBuildFile; fileRef = D25A40461327327F0017030B /* FlagMenuPopulator.m */; };
		D26B69DB130C14EB00B461FB /* lapi.c in Sources */ = {isa = PBXBuildFile; fileRef = D21EB28312E8BDE200694EBA /* lapi.c */; };
		D26B69DC130C14EC00B461FB /* lapi.h in Headers */ = {isa = PBXBuildFile; fileRef = D21EB28412E8BDE200694EBA /* lapi.h */; };
		D26B69DD130C14ED00B461FB /* lauxlib.c in Sources */ = {isa = PBXBuildFile; fileRef = D21EB28512E8BDE200694EBA /* lauxlib.c */; };
		D26B69DE130C14FA00B461FB /* lauxlib.h in Headers */ = {isa = PBXBuildFile; fileRef = D21EB28612E8BDE200694EBA /* lauxlib.h */; };
		D26B69DF130C14FB00B461FB /* lbaselib.c in Sources */ = {isa = PBXBuildFile; fileRef = D21EB28712E8BDE200694EBA /* lbaselib.c */; };
		D26B69E0130C14FC00B461FB /* lcode.c in Sources */ = {isa = PBXBuildFile; fileRef = D21EB28812E8BDE200694EBA /* lcode.c */; };
		D26B69E1130C14FD00B461FB /* lcode.h in Headers */ = {isa = PBXBuildFile; fileRef = D21EB28912E8BDE200694EBA /* lcode.h */; };
		D26B69E2130C14FE00B461FB /* ldblib.c in Sources */ = {isa = PBXBuildFile; fileRef = D21EB28A12E8BDE200694EBA /* ldblib.c */; };
		D26B69E3130C14FF00B461FB /* ldebug.c in Sources */ = {isa = PBXBuildFile; fileRef = D21EB28B12E8BDE200694EBA /* ldebug.c */; };
		D26B69E4130C150100B461FB /* ldebug.h in Headers */ = {isa = PBXBuildFile; fileRef = D21EB28C12E8BDE200694EBA /* ldebug.h */; };
		D26B69E5130C150200B461FB /* ldo.c in Sources */ = {isa = PBXBuildFile; fileRef = D21EB28D12E8BDE200694EBA /* ldo.c */; };
		D26B69E6130C150300B461FB /* ldo.h in Headers */ = {isa = PBXBuildFile; fileRef = D21EB28E12E8BDE200694EBA /* ldo.h */; };
		D26B69E7130C150500B461FB /* ldump.c in Sources */ = {isa = PBXBuildFile; fileRef = D21EB28F12E8BDE200694EBA /* ldump.c */; };
		D26B69E8130C150800B461FB /* lfunc.c in Sources */ = {isa = PBXBuildFile; fileRef = D21EB29012E8BDE200694EBA /* lfunc.c */; };
		D26B69E9130C150A00B461FB /* lfunc.h in Headers */ = {isa = PBXBuildFile; fileRef = D21EB29112E8BDE200694EBA /* lfunc.h */; };
		D26B69EA130C150C00B461FB /* lgc.c in Sources */ = {isa = PBXBuildFile; fileRef = D21EB29212E8BDE200694EBA /* lgc.c */; };
		D26B69EB130C150D00B461FB /* lgc.h in Headers */ = {isa = PBXBuildFile; fileRef = D21EB29312E8BDE200694EBA /* lgc.h */; };
		D26B69EC130C150E00B461FB /* linit.c in Sources */ = {isa = PBXBuildFile; fileRef = D21EB29412E8BDE200694EBA /* linit.c */; };
		D26B6A01130C151000B461FB /* liolib.c in Sources */ = {isa = PBXBuildFile; fileRef = D21EB29512E8BDE200694EBA /* liolib.c */; };
		D26B6A02130C151100B461FB /* llex.c in Sources */ = {isa = PBXBuildFile; fileRef = D21EB29612E8BDE200694EBA /* llex.c */; };
		D26B6A03130C151300B461FB /* llex.h in Headers */ = {isa = PBXBuildFile; fileRef = D21EB29712E8BDE200694EBA /* llex.h */; };
		D26B6A04130C151700B461FB /* print.c in Sources */ = {isa = PBXBuildFile; fileRef = D21EB2BA12E8BDE200694EBA /* print.c */; };
		D26B6A05130C151800B461FB /* lzio.h in Headers */ = {isa = PBXBuildFile; fileRef = D21EB2B812E8BDE200694EBA /* lzio.h */; };
		D26B6A06130C151800B461FB /* lzio.c in Sources */ = {isa = PBXBuildFile; fileRef = D21EB2B712E8BDE200694EBA /* lzio.c */; };
		D26B6A07130C151900B461FB /* lvm.h in Headers */ = {isa = PBXBuildFile; fileRef = D21EB2B612E8BDE200694EBA /* lvm.h */; };
		D26B6A08130C151B00B461FB /* lvm.c in Sources */ = {isa = PBXBuildFile; fileRef = D21EB2B512E8BDE200694EBA /* lvm.c */; };
		D26B6A09130C151C00B461FB /* lundump.h in Headers */ = {isa = PBXBuildFile; fileRef = D21EB2B412E8BDE200694EBA /* lundump.h */; };
		D26B6A0A130C151D00B461FB /* lundump.c in Sources */ = {isa = PBXBuildFile; fileRef = D21EB2B312E8BDE200694EBA /* lundump.c */; };
		D26B6A0B130C151E00B461FB /* lualib.h in Headers */ = {isa = PBXBuildFile; fileRef = D21EB2B212E8BDE200694EBA /* lualib.h */; };
		D26B6A0C130C151F00B461FB /* luaconf.h in Headers */ = {isa = PBXBuildFile; fileRef = D21EB2B112E8BDE200694EBA /* luaconf.h */; };
		D26B6A0E130C152100B461FB /* lua.h in Headers */ = {isa = PBXBuildFile; fileRef = D21EB2AF12E8BDE200694EBA /* lua.h */; };
		D26B6A0F130C152300B461FB /* ltablib.c in Sources */ = {isa = PBXBuildFile; fileRef = D21EB2AB12E8BDE200694EBA /* ltablib.c */; };
		D26B6A10130C152400B461FB /* ltm.c in Sources */ = {isa = PBXBuildFile; fileRef = D21EB2AC12E8BDE200694EBA /* ltm.c */; };
		D26B6A11130C152500B461FB /* ltm.h in Headers */ = {isa = PBXBuildFile; fileRef = D21EB2AD12E8BDE200694EBA /* ltm.h */; };
		D26B6A13130C152700B461FB /* ltable.h in Headers */ = {isa = PBXBuildFile; fileRef = D21EB2AA12E8BDE200694EBA /* ltable.h */; };
		D26B6A14130C152800B461FB /* ltable.c in Sources */ = {isa = PBXBuildFile; fileRef = D21EB2A912E8BDE200694EBA /* ltable.c */; };
		D26B6A15130C152A00B461FB /* lstrlib.c in Sources */ = {isa = PBXBuildFile; fileRef = D21EB2A812E8BDE200694EBA /* lstrlib.c */; };
		D26B6A16130C152B00B461FB /* lstring.h in Headers */ = {isa = PBXBuildFile; fileRef = D21EB2A712E8BDE200694EBA /* lstring.h */; };
		D26B6A17130C152C00B461FB /* lstring.c in Sources */ = {isa = PBXBuildFile; fileRef = D21EB2A612E8BDE200694EBA /* lstring.c */; };
		D26B6A18130C152D00B461FB /* lstate.h in Headers */ = {isa = PBXBuildFile; fileRef = D21EB2A512E8BDE200694EBA /* lstate.h */; };
		D26B6A1A130C153000B461FB /* lparser.h in Headers */ = {isa = PBXBuildFile; fileRef = D21EB2A312E8BDE200694EBA /* lparser.h */; };
		D26B6A1B130C153100B461FB /* lstate.c in Sources */ = {isa = PBXBuildFile; fileRef = D21EB2A412E8BDE200694EBA /* lstate.c */; };
		D26B6A1C130C153200B461FB /* lparser.c in Sources */ = {isa = PBXBuildFile; fileRef = D21EB2A212E8BDE200694EBA /* lparser.c */; };
		D26B6A1D130C153600B461FB /* lmathlib.c in Sources */ = {isa = PBXBuildFile; fileRef = D21EB29912E8BDE200694EBA /* lmathlib.c */; };
		D26B6A1E130C153700B461FB /* lmem.c in Sources */ = {isa = PBXBuildFile; fileRef = D21EB29A12E8BDE200694EBA /* lmem.c */; };
		D26B6A1F130C153800B461FB /* lmem.h in Headers */ = {isa = PBXBuildFile; fileRef = D21EB29B12E8BDE200694EBA /* lmem.h */; };
		D26B6A20130C153A00B461FB /* lobject.c in Sources */ = {isa = PBXBuildFile; fileRef = D21EB29D12E8BDE200694EBA /* lobject.c */; };
		D26B6A21130C153B00B461FB /* loadlib.c in Sources */ = {isa = PBXBuildFile; fileRef = D21EB29C12E8BDE200694EBA /* loadlib.c */; };
		D26B6A22130C153C00B461FB /* lobject.h in Headers */ = {isa = PBXBuildFile; fileRef = D21EB29E12E8BDE200694EBA /* lobject.h */; };
		D26B6A23130C153D00B461FB /* lopcodes.c in Sources */ = {isa = PBXBuildFile; fileRef = D21EB29F12E8BDE200694EBA /* lopcodes.c */; };
		D26B6A24130C153E00B461FB /* lopcodes.h in Headers */ = {isa = PBXBuildFile; fileRef = D21EB2A012E8BDE200694EBA /* lopcodes.h */; };
		D26B6A25130C154000B461FB /* loslib.c in Sources */ = {isa = PBXBuildFile; fileRef = D21EB2A112E8BDE200694EBA /* loslib.c */; };
		D26B6A26130C154400B461FB /* llimits.h in Headers */ = {isa = PBXBuildFile; fileRef = D21EB29812E8BDE200694EBA /* llimits.h */; };
		D26B6A33130C15CC00B461FB /* liblua.a in Frameworks */ = {isa = PBXBuildFile; fileRef = D26B69D8130C14CC00B461FB /* liblua.a */; };
		D26B6A40130C16D700B461FB /* ObjectEditor.m in Sources */ = {isa = PBXBuildFile; fileRef = D26B6A3F130C16D700B461FB /* ObjectEditor.m */; };
		D26B6A42130C170900B461FB /* ObjectEditor.xib in Resources */ = {isa = PBXBuildFile; fileRef = D26B6A41130C170900B461FB /* ObjectEditor.xib */; };
		D27153D513BD401800F0C920 /* CreateObject.xib in Resources */ = {isa = PBXBuildFile; fileRef = D27153D413BD401800F0C920 /* CreateObject.xib */; };
		D2781DEC130C7AC100E0CD75 /* IndexedObject.m in Sources */ = {isa = PBXBuildFile; fileRef = D2781DEB130C7AC100E0CD75 /* IndexedObject.m */; };
		D2882C2612F1D41400A02383 /* Condition.m in Sources */ = {isa = PBXBuildFile; fileRef = D2882C2512F1D41400A02383 /* Condition.m */; };
		D2882D3512F1F02D00A02383 /* Action.m in Sources */ = {isa = PBXBuildFile; fileRef = D2882D3412F1F02D00A02383 /* Action.m */; };
		D28831CF12F21E7F00A02383 /* SubActions.m in Sources */ = {isa = PBXBuildFile; fileRef = D28831CE12F21E7F00A02383 /* SubActions.m */; };
		D288326812F2340300A02383 /* AlterActions.m in Sources */ = {isa = PBXBuildFile; fileRef = D288326712F2340300A02383 /* AlterActions.m */; };
		D288339212F24F4100A02383 /* RaceEditor.xib in Resources */ = {isa = PBXBuildFile; fileRef = D288339112F24F4100A02383 /* RaceEditor.xib */; };
		D288339712F24F7000A02383 /* RaceEditor.m in Sources */ = {isa = PBXBuildFile; fileRef = D288339612F24F7000A02383 /* RaceEditor.m */; };
		D288344012F263CC00A02383 /* ScenarioEditor.m in Sources */ = {isa = PBXBuildFile; fileRef = D288343F12F263CC00A02383 /* ScenarioEditor.m */; };
		D288344A12F2642B00A02383 /* ScenarioEditor.xib in Resources */ = {isa = PBXBuildFile; fileRef = D288344912F2642B00A02383 /* ScenarioEditor.xib */; };
		D293F5D812EB78E000EF1CCA /* Race.m in Sources */ = {isa = PBXBuildFile; fileRef = D293F5D712EB78E000EF1CCA /* Race.m */; };
		D293F5E912EB82ED00EF1CCA /* BriefPoint.m in Sources */ = {isa = PBXBuildFile; fileRef = D293F5E812EB82ED00EF1CCA /* BriefPoint.m */; };
		D293F65C12EBAAF600EF1CCA /* XSPoint.m in Sources */ = {isa = PBXBuildFile; fileRef = D293F65B12EBAAF600EF1CCA /* XSPoint.m */; };
		D293F6A712EBB03200EF1CCA /* XSRange.m in Sources */ = {isa = PBXBuildFile; fileRef = D293F6A612EBB03200EF1CCA /* XSRange.m */; };
		D2944B0A1315B29900D1175E /* XSText.m in Sources */ = {isa = PBXBuildFile; fileRef = D2944B091315B29900D1175E /* XSText.m */; };
		D29510B212EE771300AE3316 /* ActionRefs.m in Sources */ = {isa = PBXBuildFile; fileRef = D29510B112EE771300AE3316 /* ActionRefs.m */; };
		D295110612EE7BB700AE3316 /* FrameData.m in Sources */ = {isa = PBXBuildFile; fileRef = D295110512EE7BB700AE3316 /* FrameData.m */; };
		D29595FF13C3C42B002BC25C /* ActionViewController.m in Sources */ = {isa = PBXBuildFile; fileRef = D29595FD13C3C42B002BC25C /* ActionViewController.m */; };
		D29690D913C50E7E005FD7A3 /* XSSound.m in Sources */ = {isa = PBXBuildFile; fileRef = D29690D813C50E7D005FD7A3 /* XSSound.m */; };
		D2971B9A1370727E004EE1E0 /* ActionEditor.xib in Resources */ = {isa = PBXBuildFile; fileRef = D2971B981370727E004EE1E0 /* ActionEditor.xib */; };
		D2971B9D137072E8004EE1E0 /* ActionEditor.m in Sources */ = {isa = PBXBuildFile; fileRef = D2971B9C137072E8004EE1E0 /* ActionEditor.m */; };
		D2A1911212FE3BE500232914 /* Starmap.png in Resources */ = {isa = PBXBuildFile; fileRef = D2A1911112FE3BE500232914 /* Starmap.png */; };
		D2A1911812FE3C0D00232914 /* StarmapPicker.m in Sources */ = {isa = PBXBuildFile; fileRef = D2A1911712FE3C0D00232914 /* StarmapPicker.m */; };
		D2A1911D12FE3CB700232914 /* StarmapPicker.xib in Resources */ = {isa = PBXBuildFile; fileRef = D2A1911C12FE3CB700232914 /* StarmapPicker.xib */; };
		D2A1914F12FE415800232914 /* StarmapView.m in Sources */ = {isa = PBXBuildFile; fileRef = D2A1914E12FE415800232914 /* StarmapView.m */; };
		D2ACC2C212EE11CA00652FEC /* BaseObjectFlags.m in Sources */ = {isa = PBXBuildFile; fileRef = D2ACC2C112EE11CA00652FEC /* BaseObjectFlags.m */; };
		D2B720BF1308739900008307 /* SMIVImage.m in Sources */ = {isa = PBXBuildFile; fileRef = D2B720BE1308739900008307 /* SMIVImage.m */; };
		D2C55B3C12F321E2007140A2 /* InitialEditor.m in Sources */ = {isa = PBXBuildFile; fileRef = D2C55B3B12F321E2007140A2 /* InitialEditor.m */; };
		D2C55B4C12F3235E007140A2 /* InitialEditor.xib in Resources */ = {isa = PBXBuildFile; fileRef = D2C55B4B12F3235E007140A2 /* InitialEditor.xib */; };
		D2C9D6FB13044E970087EDE4 /* ResSegment.m in Sources */ = {isa = PBXBuildFile; fileRef = D2C9D6FA13044E960087EDE4 /* ResSegment.m */; };
		D2C9D6FE130462020087EDE4 /* StringTable.m in Sources */ = {isa = PBXBuildFile; fileRef = D2C9D6FD130462020087EDE4 /* StringTable.m */; };
		D2D2078B13107044000CDCA4 /* ResArchiver.m in Sources */ = {isa = PBXBuildFile; fileRef = D2D2078A13107044000CDCA4 /* ResArchiver.m */; };
		D2D51A2012E8B87300B7794A /* LuaUnarchiver.m in Sources */ = {isa = PBXBuildFile; fileRef = D2D51A1F12E8B87300B7794A /* LuaUnarchiver.m */; };
		D2D7501A12F07F5A00B17631 /* Scenario.m in Sources */ = {isa = PBXBuildFile; fileRef = D2D7501912F07F5A00B17631 /* Scenario.m */; };
		D2D7502F12F0874500B17631 /* NSStringExtensions.m in Sources */ = {isa = PBXBuildFile; fileRef = D2D7502E12F0874500B17631 /* NSStringExtensions.m */; };
		D2DEECB5130A2A74004AB731 /* SpriteEditor.m in Sources */ = {isa = PBXBuildFile; fileRef = D2DEECB4130A2A74004AB731 /* SpriteEditor.m */; };
		D2DEECB8130A2AA6004AB731 /* SpriteEditor.xib in Resources */ = {isa = PBXBuildFile; fileRef = D2DEECB7130A2AA6004AB731 /* SpriteEditor.xib */; };
		D2E03F1912EF191A00F77E59 /* XSBool.m in Sources */ = {isa = PBXBuildFile; fileRef = D2E03F1812EF191A00F77E59 /* XSBool.m */; };
		D2E0409A12EF3C2B00F77E59 /* ScenarioInitial.m in Sources */ = {isa = PBXBuildFile; fileRef = D2E0409912EF3C2B00F77E59 /* ScenarioInitial.m */; };
		D2E040B112EF41A400F77E59 /* XSInteger.m in Sources */ = {isa = PBXBuildFile; fileRef = D2E040B012EF41A400F77E59 /* XSInteger.m */; };
		D2E452D412EF4BC90099B0F9 /* FlagBlob.m in Sources */ = {isa = PBXBuildFile; fileRef = D2E452D312EF4BC90099B0F9 /* FlagBlob.m */; };
		D2E98D19130AED3F0013EBCA /* SpriteView.m in Sources */ = {isa = PBXBuildFile; fileRef = D2E98D18130AED3F0013EBCA /* SpriteView.m */; };
		D2F9DAC012F621B400CA8217 /* ScenarioInitialView.m in Sources */ = {isa = PBXBuildFile; fileRef = D2F9DABF12F621B400CA8217 /* ScenarioInitialView.m */; };
		D2FE01B113BBC5AD005C3127 /* NoAction.xib in Resources */ = {isa = PBXBuildFile; fileRef = D2FE01B013BBC5AD005C3127 /* NoAction.xib */; };
/* End PBXBuildFile section */

/* Begin PBXContainerItemProxy section */
		D26B6A2A130C15AC00B461FB /* PBXContainerItemProxy */ = {
			isa = PBXContainerItemProxy;
			containerPortal = 2A37F4A9FDCFA73011CA2CEA /* Project object */;
			proxyType = 1;
			remoteGlobalIDString = D26B69D7130C14CC00B461FB;
			remoteInfo = lua;
		};
/* End PBXContainerItemProxy section */

/* Begin PBXFileReference section */
		089C1660FE840EACC02AAC07 /* English */ = {isa = PBXFileReference; fileEncoding = 4; lastKnownFileType = text.plist.strings; name = English; path = English.lproj/InfoPlist.strings; sourceTree = "<group>"; };
		1058C7A7FEA54F5311CA2CBB /* Cocoa.framework */ = {isa = PBXFileReference; lastKnownFileType = wrapper.framework; name = Cocoa.framework; path = /System/Library/Frameworks/Cocoa.framework; sourceTree = "<absolute>"; };
		13E42FBA07B3F13500E4EEF1 /* CoreData.framework */ = {isa = PBXFileReference; lastKnownFileType = wrapper.framework; name = CoreData.framework; path = /System/Library/Frameworks/CoreData.framework; sourceTree = "<absolute>"; };
		1DDD58290DA1D0D100B32029 /* English */ = {isa = PBXFileReference; lastKnownFileType = file.xib; name = English; path = English.lproj/AthenaDocument.xib; sourceTree = "<group>"; };
		1DDD582B0DA1D0D100B32029 /* English */ = {isa = PBXFileReference; lastKnownFileType = file.xib; name = English; path = English.lproj/MainMenu.xib; sourceTree = "<group>"; };
		2564AD2C0F5327BB00F57823 /* Athena_Prefix.pch */ = {isa = PBXFileReference; fileEncoding = 4; lastKnownFileType = sourcecode.c.h; path = Athena_Prefix.pch; sourceTree = "<group>"; };
		2A37F4ACFDCFA73011CA2CEA /* AthenaDocument.m */ = {isa = PBXFileReference; fileEncoding = 4; lastKnownFileType = sourcecode.c.objc; path = AthenaDocument.m; sourceTree = "<group>"; };
		2A37F4AEFDCFA73011CA2CEA /* AthenaDocument.h */ = {isa = PBXFileReference; fileEncoding = 4; lastKnownFileType = sourcecode.c.h; path = AthenaDocument.h; sourceTree = "<group>"; };
		2A37F4B0FDCFA73011CA2CEA /* main.m */ = {isa = PBXFileReference; fileEncoding = 4; lastKnownFileType = sourcecode.c.objc; path = main.m; sourceTree = "<group>"; };
		2A37F4BAFDCFA73011CA2CEA /* English */ = {isa = PBXFileReference; lastKnownFileType = text.rtf; name = English; path = English.lproj/Credits.rtf; sourceTree = "<group>"; };
		2A37F4C4FDCFA73011CA2CEA /* AppKit.framework */ = {isa = PBXFileReference; lastKnownFileType = wrapper.framework; name = AppKit.framework; path = /System/Library/Frameworks/AppKit.framework; sourceTree = "<absolute>"; };
		2A37F4C5FDCFA73011CA2CEA /* Foundation.framework */ = {isa = PBXFileReference; lastKnownFileType = wrapper.framework; name = Foundation.framework; path = /System/Library/Frameworks/Foundation.framework; sourceTree = "<absolute>"; };
		8D15AC360486D014006FF6A4 /* Athena-Info.plist */ = {isa = PBXFileReference; fileEncoding = 4; lastKnownFileType = text.plist.xml; name = "Athena-Info.plist"; path = "../Athena-Info.plist"; sourceTree = "<group>"; };
		8D15AC370486D014006FF6A4 /* Athena.app */ = {isa = PBXFileReference; explicitFileType = wrapper.application; includeInIndex = 0; path = Athena.app; sourceTree = BUILT_PRODUCTS_DIR; };
		D216CF66132420D1008E24F0 /* WeaponView.xib */ = {isa = PBXFileReference; lastKnownFileType = file.xib; path = WeaponView.xib; sourceTree = "<group>"; };
		D216CFF413243027008E24F0 /* WeaponViewController.m */ = {isa = PBXFileReference; fileEncoding = 4; lastKnownFileType = sourcecode.c.objc; path = WeaponViewController.m; sourceTree = "<group>"; };
		D216CFF513243027008E24F0 /* WeaponViewController.h */ = {isa = PBXFileReference; fileEncoding = 4; lastKnownFileType = sourcecode.c.h; path = WeaponViewController.h; sourceTree = "<group>"; };
		D216E72F12E9DE1700D17AFB /* LuaArchiver.h */ = {isa = PBXFileReference; fileEncoding = 4; lastKnownFileType = sourcecode.c.h; path = LuaArchiver.h; sourceTree = "<group>"; };
		D216E73012E9DE1700D17AFB /* LuaArchiver.m */ = {isa = PBXFileReference; fileEncoding = 4; lastKnownFileType = sourcecode.c.objc; path = LuaArchiver.m; sourceTree = "<group>"; };
		D21EB27712E8BAEF00694EBA /* MainData.h */ = {isa = PBXFileReference; fileEncoding = 4; lastKnownFileType = sourcecode.c.h; path = MainData.h; sourceTree = "<group>"; };
		D21EB27812E8BAEF00694EBA /* MainData.m */ = {isa = PBXFileReference; fileEncoding = 4; lastKnownFileType = sourcecode.c.objc; path = MainData.m; sourceTree = "<group>"; };
		D21EB28312E8BDE200694EBA /* lapi.c */ = {isa = PBXFileReference; fileEncoding = 4; lastKnownFileType = sourcecode.c.c; path = lapi.c; sourceTree = "<group>"; };
		D21EB28412E8BDE200694EBA /* lapi.h */ = {isa = PBXFileReference; fileEncoding = 4; lastKnownFileType = sourcecode.c.h; path = lapi.h; sourceTree = "<group>"; };
		D21EB28512E8BDE200694EBA /* lauxlib.c */ = {isa = PBXFileReference; fileEncoding = 4; lastKnownFileType = sourcecode.c.c; path = lauxlib.c; sourceTree = "<group>"; };
		D21EB28612E8BDE200694EBA /* lauxlib.h */ = {isa = PBXFileReference; fileEncoding = 4; lastKnownFileType = sourcecode.c.h; path = lauxlib.h; sourceTree = "<group>"; };
		D21EB28712E8BDE200694EBA /* lbaselib.c */ = {isa = PBXFileReference; fileEncoding = 4; lastKnownFileType = sourcecode.c.c; path = lbaselib.c; sourceTree = "<group>"; };
		D21EB28812E8BDE200694EBA /* lcode.c */ = {isa = PBXFileReference; fileEncoding = 4; lastKnownFileType = sourcecode.c.c; path = lcode.c; sourceTree = "<group>"; };
		D21EB28912E8BDE200694EBA /* lcode.h */ = {isa = PBXFileReference; fileEncoding = 4; lastKnownFileType = sourcecode.c.h; path = lcode.h; sourceTree = "<group>"; };
		D21EB28A12E8BDE200694EBA /* ldblib.c */ = {isa = PBXFileReference; fileEncoding = 4; lastKnownFileType = sourcecode.c.c; path = ldblib.c; sourceTree = "<group>"; };
		D21EB28B12E8BDE200694EBA /* ldebug.c */ = {isa = PBXFileReference; fileEncoding = 4; lastKnownFileType = sourcecode.c.c; path = ldebug.c; sourceTree = "<group>"; };
		D21EB28C12E8BDE200694EBA /* ldebug.h */ = {isa = PBXFileReference; fileEncoding = 4; lastKnownFileType = sourcecode.c.h; path = ldebug.h; sourceTree = "<group>"; };
		D21EB28D12E8BDE200694EBA /* ldo.c */ = {isa = PBXFileReference; fileEncoding = 4; lastKnownFileType = sourcecode.c.c; path = ldo.c; sourceTree = "<group>"; };
		D21EB28E12E8BDE200694EBA /* ldo.h */ = {isa = PBXFileReference; fileEncoding = 4; lastKnownFileType = sourcecode.c.h; path = ldo.h; sourceTree = "<group>"; };
		D21EB28F12E8BDE200694EBA /* ldump.c */ = {isa = PBXFileReference; fileEncoding = 4; lastKnownFileType = sourcecode.c.c; path = ldump.c; sourceTree = "<group>"; };
		D21EB29012E8BDE200694EBA /* lfunc.c */ = {isa = PBXFileReference; fileEncoding = 4; lastKnownFileType = sourcecode.c.c; path = lfunc.c; sourceTree = "<group>"; };
		D21EB29112E8BDE200694EBA /* lfunc.h */ = {isa = PBXFileReference; fileEncoding = 4; lastKnownFileType = sourcecode.c.h; path = lfunc.h; sourceTree = "<group>"; };
		D21EB29212E8BDE200694EBA /* lgc.c */ = {isa = PBXFileReference; fileEncoding = 4; lastKnownFileType = sourcecode.c.c; path = lgc.c; sourceTree = "<group>"; };
		D21EB29312E8BDE200694EBA /* lgc.h */ = {isa = PBXFileReference; fileEncoding = 4; lastKnownFileType = sourcecode.c.h; path = lgc.h; sourceTree = "<group>"; };
		D21EB29412E8BDE200694EBA /* linit.c */ = {isa = PBXFileReference; fileEncoding = 4; lastKnownFileType = sourcecode.c.c; path = linit.c; sourceTree = "<group>"; };
		D21EB29512E8BDE200694EBA /* liolib.c */ = {isa = PBXFileReference; fileEncoding = 4; lastKnownFileType = sourcecode.c.c; path = liolib.c; sourceTree = "<group>"; };
		D21EB29612E8BDE200694EBA /* llex.c */ = {isa = PBXFileReference; fileEncoding = 4; lastKnownFileType = sourcecode.c.c; path = llex.c; sourceTree = "<group>"; };
		D21EB29712E8BDE200694EBA /* llex.h */ = {isa = PBXFileReference; fileEncoding = 4; lastKnownFileType = sourcecode.c.h; path = llex.h; sourceTree = "<group>"; };
		D21EB29812E8BDE200694EBA /* llimits.h */ = {isa = PBXFileReference; fileEncoding = 4; lastKnownFileType = sourcecode.c.h; path = llimits.h; sourceTree = "<group>"; };
		D21EB29912E8BDE200694EBA /* lmathlib.c */ = {isa = PBXFileReference; fileEncoding = 4; lastKnownFileType = sourcecode.c.c; path = lmathlib.c; sourceTree = "<group>"; };
		D21EB29A12E8BDE200694EBA /* lmem.c */ = {isa = PBXFileReference; fileEncoding = 4; lastKnownFileType = sourcecode.c.c; path = lmem.c; sourceTree = "<group>"; };
		D21EB29B12E8BDE200694EBA /* lmem.h */ = {isa = PBXFileReference; fileEncoding = 4; lastKnownFileType = sourcecode.c.h; path = lmem.h; sourceTree = "<group>"; };
		D21EB29C12E8BDE200694EBA /* loadlib.c */ = {isa = PBXFileReference; fileEncoding = 4; lastKnownFileType = sourcecode.c.c; path = loadlib.c; sourceTree = "<group>"; };
		D21EB29D12E8BDE200694EBA /* lobject.c */ = {isa = PBXFileReference; fileEncoding = 4; lastKnownFileType = sourcecode.c.c; path = lobject.c; sourceTree = "<group>"; };
		D21EB29E12E8BDE200694EBA /* lobject.h */ = {isa = PBXFileReference; fileEncoding = 4; lastKnownFileType = sourcecode.c.h; path = lobject.h; sourceTree = "<group>"; };
		D21EB29F12E8BDE200694EBA /* lopcodes.c */ = {isa = PBXFileReference; fileEncoding = 4; lastKnownFileType = sourcecode.c.c; path = lopcodes.c; sourceTree = "<group>"; };
		D21EB2A012E8BDE200694EBA /* lopcodes.h */ = {isa = PBXFileReference; fileEncoding = 4; lastKnownFileType = sourcecode.c.h; path = lopcodes.h; sourceTree = "<group>"; };
		D21EB2A112E8BDE200694EBA /* loslib.c */ = {isa = PBXFileReference; fileEncoding = 4; lastKnownFileType = sourcecode.c.c; path = loslib.c; sourceTree = "<group>"; };
		D21EB2A212E8BDE200694EBA /* lparser.c */ = {isa = PBXFileReference; fileEncoding = 4; lastKnownFileType = sourcecode.c.c; path = lparser.c; sourceTree = "<group>"; };
		D21EB2A312E8BDE200694EBA /* lparser.h */ = {isa = PBXFileReference; fileEncoding = 4; lastKnownFileType = sourcecode.c.h; path = lparser.h; sourceTree = "<group>"; };
		D21EB2A412E8BDE200694EBA /* lstate.c */ = {isa = PBXFileReference; fileEncoding = 4; lastKnownFileType = sourcecode.c.c; path = lstate.c; sourceTree = "<group>"; };
		D21EB2A512E8BDE200694EBA /* lstate.h */ = {isa = PBXFileReference; fileEncoding = 4; lastKnownFileType = sourcecode.c.h; path = lstate.h; sourceTree = "<group>"; };
		D21EB2A612E8BDE200694EBA /* lstring.c */ = {isa = PBXFileReference; fileEncoding = 4; lastKnownFileType = sourcecode.c.c; path = lstring.c; sourceTree = "<group>"; };
		D21EB2A712E8BDE200694EBA /* lstring.h */ = {isa = PBXFileReference; fileEncoding = 4; lastKnownFileType = sourcecode.c.h; path = lstring.h; sourceTree = "<group>"; };
		D21EB2A812E8BDE200694EBA /* lstrlib.c */ = {isa = PBXFileReference; fileEncoding = 4; lastKnownFileType = sourcecode.c.c; path = lstrlib.c; sourceTree = "<group>"; };
		D21EB2A912E8BDE200694EBA /* ltable.c */ = {isa = PBXFileReference; fileEncoding = 4; lastKnownFileType = sourcecode.c.c; path = ltable.c; sourceTree = "<group>"; };
		D21EB2AA12E8BDE200694EBA /* ltable.h */ = {isa = PBXFileReference; fileEncoding = 4; lastKnownFileType = sourcecode.c.h; path = ltable.h; sourceTree = "<group>"; };
		D21EB2AB12E8BDE200694EBA /* ltablib.c */ = {isa = PBXFileReference; fileEncoding = 4; lastKnownFileType = sourcecode.c.c; path = ltablib.c; sourceTree = "<group>"; };
		D21EB2AC12E8BDE200694EBA /* ltm.c */ = {isa = PBXFileReference; fileEncoding = 4; lastKnownFileType = sourcecode.c.c; path = ltm.c; sourceTree = "<group>"; };
		D21EB2AD12E8BDE200694EBA /* ltm.h */ = {isa = PBXFileReference; fileEncoding = 4; lastKnownFileType = sourcecode.c.h; path = ltm.h; sourceTree = "<group>"; };
		D21EB2AE12E8BDE200694EBA /* lua.c */ = {isa = PBXFileReference; fileEncoding = 4; lastKnownFileType = sourcecode.c.c; path = lua.c; sourceTree = "<group>"; };
		D21EB2AF12E8BDE200694EBA /* lua.h */ = {isa = PBXFileReference; fileEncoding = 4; lastKnownFileType = sourcecode.c.h; path = lua.h; sourceTree = "<group>"; };
		D21EB2B012E8BDE200694EBA /* luac.c */ = {isa = PBXFileReference; fileEncoding = 4; lastKnownFileType = sourcecode.c.c; path = luac.c; sourceTree = "<group>"; };
		D21EB2B112E8BDE200694EBA /* luaconf.h */ = {isa = PBXFileReference; fileEncoding = 4; lastKnownFileType = sourcecode.c.h; path = luaconf.h; sourceTree = "<group>"; };
		D21EB2B212E8BDE200694EBA /* lualib.h */ = {isa = PBXFileReference; fileEncoding = 4; lastKnownFileType = sourcecode.c.h; path = lualib.h; sourceTree = "<group>"; };
		D21EB2B312E8BDE200694EBA /* lundump.c */ = {isa = PBXFileReference; fileEncoding = 4; lastKnownFileType = sourcecode.c.c; path = lundump.c; sourceTree = "<group>"; };
		D21EB2B412E8BDE200694EBA /* lundump.h */ = {isa = PBXFileReference; fileEncoding = 4; lastKnownFileType = sourcecode.c.h; path = lundump.h; sourceTree = "<group>"; };
		D21EB2B512E8BDE200694EBA /* lvm.c */ = {isa = PBXFileReference; fileEncoding = 4; lastKnownFileType = sourcecode.c.c; path = lvm.c; sourceTree = "<group>"; };
		D21EB2B612E8BDE200694EBA /* lvm.h */ = {isa = PBXFileReference; fileEncoding = 4; lastKnownFileType = sourcecode.c.h; path = lvm.h; sourceTree = "<group>"; };
		D21EB2B712E8BDE200694EBA /* lzio.c */ = {isa = PBXFileReference; fileEncoding = 4; lastKnownFileType = sourcecode.c.c; path = lzio.c; sourceTree = "<group>"; };
		D21EB2B812E8BDE200694EBA /* lzio.h */ = {isa = PBXFileReference; fileEncoding = 4; lastKnownFileType = sourcecode.c.h; path = lzio.h; sourceTree = "<group>"; };
		D21EB2BA12E8BDE200694EBA /* print.c */ = {isa = PBXFileReference; fileEncoding = 4; lastKnownFileType = sourcecode.c.c; path = print.c; sourceTree = "<group>"; };
		D21EB31D12E8C41700694EBA /* BaseObject.h */ = {isa = PBXFileReference; fileEncoding = 4; lastKnownFileType = sourcecode.c.h; path = BaseObject.h; sourceTree = "<group>"; };
		D21EB31E12E8C41700694EBA /* BaseObject.m */ = {isa = PBXFileReference; fileEncoding = 4; lastKnownFileType = sourcecode.c.objc; path = BaseObject.m; sourceTree = "<group>"; };
		D21FC226131580E700F33E5A /* ResEntry.h */ = {isa = PBXFileReference; fileEncoding = 4; lastKnownFileType = sourcecode.c.h; path = ResEntry.h; sourceTree = "<group>"; };
		D21FC227131580E700F33E5A /* ResEntry.m */ = {isa = PBXFileReference; fileEncoding = 4; lastKnownFileType = sourcecode.c.objc; path = ResEntry.m; sourceTree = "<group>"; };
		D225D5E713035E9A00E75803 /* BriefingEditor.xib */ = {isa = PBXFileReference; fileEncoding = 4; lastKnownFileType = file.xib; path = BriefingEditor.xib; sourceTree = "<group>"; };
		D225D64113039D5100E75803 /* ResCoding.h */ = {isa = PBXFileReference; fileEncoding = 4; lastKnownFileType = sourcecode.c.h; path = ResCoding.h; sourceTree = "<group>"; };
		D225D64313039F0D00E75803 /* ResUnarchiver.h */ = {isa = PBXFileReference; fileEncoding = 4; lastKnownFileType = sourcecode.c.h; path = ResUnarchiver.h; sourceTree = "<group>"; };
		D225D64413039F0D00E75803 /* ResUnarchiver.m */ = {isa = PBXFileReference; fileEncoding = 4; lastKnownFileType = sourcecode.c.objc; path = ResUnarchiver.m; sourceTree = "<group>"; };
		D225D64613039FC500E75803 /* CoreServices.framework */ = {isa = PBXFileReference; lastKnownFileType = wrapper.framework; name = CoreServices.framework; path = System/Library/Frameworks/CoreServices.framework; sourceTree = SDKROOT; };
		D22F1E7512F84BFE00DAC007 /* ApplicationDelagate.h */ = {isa = PBXFileReference; fileEncoding = 4; lastKnownFileType = sourcecode.c.h; path = ApplicationDelagate.h; sourceTree = "<group>"; };
		D22F1E7612F84BFE00DAC007 /* ApplicationDelagate.m */ = {isa = PBXFileReference; fileEncoding = 4; lastKnownFileType = sourcecode.c.objc; path = ApplicationDelagate.m; sourceTree = "<group>"; };
		D23EDD2112EE8129002699A4 /* Color.h */ = {isa = PBXFileReference; fileEncoding = 4; lastKnownFileType = sourcecode.c.h; path = Color.h; sourceTree = "<group>"; };
		D253B46A13033B1300F0F66A /* BriefingEditor.h */ = {isa = PBXFileReference; fileEncoding = 4; lastKnownFileType = sourcecode.c.h; path = BriefingEditor.h; sourceTree = "<group>"; };
		D253B46B13033B1300F0F66A /* BriefingEditor.m */ = {isa = PBXFileReference; fileEncoding = 4; lastKnownFileType = sourcecode.c.objc; path = BriefingEditor.m; sourceTree = "<group>"; };
		D25A40451327327F0017030B /* FlagMenuPopulator.h */ = {isa = PBXFileReference; fileEncoding = 4; lastKnownFileType = sourcecode.c.h; name = FlagMenuPopulator.h; path = ../AresTypes/BaseObjects/FlagMenuPopulator.h; sourceTree = "<group>"; };
		D25A40461327327F0017030B /* FlagMenuPopulator.m */ = {isa = PBXFileReference; fileEncoding = 4; lastKnownFileType = sourcecode.c.objc; name = FlagMenuPopulator.m; path = ../AresTypes/BaseObjects/FlagMenuPopulator.m; sourceTree = "<group>"; };
		D26B69D8130C14CC00B461FB /* liblua.a */ = {isa = PBXFileReference; explicitFileType = archive.ar; includeInIndex = 0; path = liblua.a; sourceTree = BUILT_PRODUCTS_DIR; };
		D26B6A3E130C16D700B461FB /* ObjectEditor.h */ = {isa = PBXFileReference; fileEncoding = 4; lastKnownFileType = sourcecode.c.h; path = ObjectEditor.h; sourceTree = "<group>"; };
		D26B6A3F130C16D700B461FB /* ObjectEditor.m */ = {isa = PBXFileReference; fileEncoding = 4; lastKnownFileType = sourcecode.c.objc; path = ObjectEditor.m; sourceTree = "<group>"; };
		D26B6A41130C170900B461FB /* ObjectEditor.xib */ = {isa = PBXFileReference; lastKnownFileType = file.xib; path = ObjectEditor.xib; sourceTree = "<group>"; };
		D27153D413BD401800F0C920 /* CreateObject.xib */ = {isa = PBXFileReference; fileEncoding = 4; lastKnownFileType = file.xib; path = CreateObject.xib; sourceTree = "<group>"; };
		D2781DEA130C7AC100E0CD75 /* IndexedObject.h */ = {isa = PBXFileReference; fileEncoding = 4; lastKnownFileType = sourcecode.c.h; path = IndexedObject.h; sourceTree = "<group>"; };
		D2781DEB130C7AC100E0CD75 /* IndexedObject.m */ = {isa = PBXFileReference; fileEncoding = 4; lastKnownFileType = sourcecode.c.objc; path = IndexedObject.m; sourceTree = "<group>"; };
		D2802FD412EA572500F1A0B0 /* Archivers.h */ = {isa = PBXFileReference; fileEncoding = 4; lastKnownFileType = sourcecode.c.h; path = Archivers.h; sourceTree = "<group>"; };
		D2882C2412F1D41400A02383 /* Condition.h */ = {isa = PBXFileReference; fileEncoding = 4; lastKnownFileType = sourcecode.c.h; path = Condition.h; sourceTree = "<group>"; };
		D2882C2512F1D41400A02383 /* Condition.m */ = {isa = PBXFileReference; fileEncoding = 4; lastKnownFileType = sourcecode.c.objc; path = Condition.m; sourceTree = "<group>"; };
		D2882D3312F1F02D00A02383 /* Action.h */ = {isa = PBXFileReference; fileEncoding = 4; lastKnownFileType = sourcecode.c.h; path = Action.h; sourceTree = "<group>"; };
		D2882D3412F1F02D00A02383 /* Action.m */ = {isa = PBXFileReference; fileEncoding = 4; lastKnownFileType = sourcecode.c.objc; path = Action.m; sourceTree = "<group>"; };
		D28831CD12F21E7F00A02383 /* SubActions.h */ = {isa = PBXFileReference; fileEncoding = 4; lastKnownFileType = sourcecode.c.h; path = SubActions.h; sourceTree = "<group>"; };
		D28831CE12F21E7F00A02383 /* SubActions.m */ = {isa = PBXFileReference; fileEncoding = 4; lastKnownFileType = sourcecode.c.objc; path = SubActions.m; sourceTree = "<group>"; };
		D288326612F2340300A02383 /* AlterActions.h */ = {isa = PBXFileReference; fileEncoding = 4; lastKnownFileType = sourcecode.c.h; path = AlterActions.h; sourceTree = "<group>"; };
		D288326712F2340300A02383 /* AlterActions.m */ = {isa = PBXFileReference; fileEncoding = 4; lastKnownFileType = sourcecode.c.objc; path = AlterActions.m; sourceTree = "<group>"; };
		D288339112F24F4100A02383 /* RaceEditor.xib */ = {isa = PBXFileReference; lastKnownFileType = file.xib; path = RaceEditor.xib; sourceTree = "<group>"; };
		D288339512F24F7000A02383 /* RaceEditor.h */ = {isa = PBXFileReference; fileEncoding = 4; lastKnownFileType = sourcecode.c.h; path = RaceEditor.h; sourceTree = "<group>"; };
		D288339612F24F7000A02383 /* RaceEditor.m */ = {isa = PBXFileReference; fileEncoding = 4; lastKnownFileType = sourcecode.c.objc; path = RaceEditor.m; sourceTree = "<group>"; };
		D288343E12F263CC00A02383 /* ScenarioEditor.h */ = {isa = PBXFileReference; fileEncoding = 4; lastKnownFileType = sourcecode.c.h; path = ScenarioEditor.h; sourceTree = "<group>"; };
		D288343F12F263CC00A02383 /* ScenarioEditor.m */ = {isa = PBXFileReference; fileEncoding = 4; lastKnownFileType = sourcecode.c.objc; path = ScenarioEditor.m; sourceTree = "<group>"; };
		D288344912F2642B00A02383 /* ScenarioEditor.xib */ = {isa = PBXFileReference; lastKnownFileType = file.xib; path = ScenarioEditor.xib; sourceTree = "<group>"; };
		D293F5D612EB78E000EF1CCA /* Race.h */ = {isa = PBXFileReference; fileEncoding = 4; lastKnownFileType = sourcecode.c.h; path = Race.h; sourceTree = "<group>"; };
		D293F5D712EB78E000EF1CCA /* Race.m */ = {isa = PBXFileReference; fileEncoding = 4; lastKnownFileType = sourcecode.c.objc; path = Race.m; sourceTree = "<group>"; };
		D293F5E712EB82ED00EF1CCA /* BriefPoint.h */ = {isa = PBXFileReference; fileEncoding = 4; lastKnownFileType = sourcecode.c.h; path = BriefPoint.h; sourceTree = "<group>"; };
		D293F5E812EB82ED00EF1CCA /* BriefPoint.m */ = {isa = PBXFileReference; fileEncoding = 4; lastKnownFileType = sourcecode.c.objc; path = BriefPoint.m; sourceTree = "<group>"; };
		D293F65A12EBAAF600EF1CCA /* XSPoint.h */ = {isa = PBXFileReference; fileEncoding = 4; lastKnownFileType = sourcecode.c.h; path = XSPoint.h; sourceTree = "<group>"; };
		D293F65B12EBAAF600EF1CCA /* XSPoint.m */ = {isa = PBXFileReference; fileEncoding = 4; lastKnownFileType = sourcecode.c.objc; path = XSPoint.m; sourceTree = "<group>"; };
		D293F6A512EBB03200EF1CCA /* XSRange.h */ = {isa = PBXFileReference; fileEncoding = 4; lastKnownFileType = sourcecode.c.h; path = XSRange.h; sourceTree = "<group>"; };
		D293F6A612EBB03200EF1CCA /* XSRange.m */ = {isa = PBXFileReference; fileEncoding = 4; lastKnownFileType = sourcecode.c.objc; path = XSRange.m; sourceTree = "<group>"; };
		D2944B081315B29900D1175E /* XSText.h */ = {isa = PBXFileReference; fileEncoding = 4; lastKnownFileType = sourcecode.c.h; path = XSText.h; sourceTree = "<group>"; };
		D2944B091315B29900D1175E /* XSText.m */ = {isa = PBXFileReference; fileEncoding = 4; lastKnownFileType = sourcecode.c.objc; path = XSText.m; sourceTree = "<group>"; };
		D29510B012EE771300AE3316 /* ActionRefs.h */ = {isa = PBXFileReference; fileEncoding = 4; lastKnownFileType = sourcecode.c.h; path = ActionRefs.h; sourceTree = "<group>"; };
		D29510B112EE771300AE3316 /* ActionRefs.m */ = {isa = PBXFileReference; fileEncoding = 4; lastKnownFileType = sourcecode.c.objc; path = ActionRefs.m; sourceTree = "<group>"; };
		D295110412EE7BB700AE3316 /* FrameData.h */ = {isa = PBXFileReference; fileEncoding = 4; lastKnownFileType = sourcecode.c.h; path = FrameData.h; sourceTree = "<group>"; };
		D295110512EE7BB700AE3316 /* FrameData.m */ = {isa = PBXFileReference; fileEncoding = 4; lastKnownFileType = sourcecode.c.objc; path = FrameData.m; sourceTree = "<group>"; };
		D29595FC13C3C42B002BC25C /* ActionViewController.h */ = {isa = PBXFileReference; fileEncoding = 4; lastKnownFileType = sourcecode.c.h; path = ActionViewController.h; sourceTree = "<group>"; };
		D29595FD13C3C42B002BC25C /* ActionViewController.m */ = {isa = PBXFileReference; fileEncoding = 4; lastKnownFileType = sourcecode.c.objc; path = ActionViewController.m; sourceTree = "<group>"; };
		D29690D713C50E7D005FD7A3 /* XSSound.h */ = {isa = PBXFileReference; fileEncoding = 4; lastKnownFileType = sourcecode.c.h; path = XSSound.h; sourceTree = "<group>"; };
		D29690D813C50E7D005FD7A3 /* XSSound.m */ = {isa = PBXFileReference; fileEncoding = 4; lastKnownFileType = sourcecode.c.objc; path = XSSound.m; sourceTree = "<group>"; };
		D2971B981370727E004EE1E0 /* ActionEditor.xib */ = {isa = PBXFileReference; fileEncoding = 4; lastKnownFileType = file.xib; path = ActionEditor.xib; sourceTree = "<group>"; };
		D2971B9B137072E8004EE1E0 /* ActionEditor.h */ = {isa = PBXFileReference; fileEncoding = 4; lastKnownFileType = sourcecode.c.h; path = ActionEditor.h; sourceTree = "<group>"; };
		D2971B9C137072E8004EE1E0 /* ActionEditor.m */ = {isa = PBXFileReference; fileEncoding = 4; lastKnownFileType = sourcecode.c.objc; path = ActionEditor.m; sourceTree = "<group>"; };
		D2A1911112FE3BE500232914 /* Starmap.png */ = {isa = PBXFileReference; lastKnownFileType = image.png; path = Starmap.png; sourceTree = "<group>"; };
		D2A1911612FE3C0D00232914 /* StarmapPicker.h */ = {isa = PBXFileReference; fileEncoding = 4; lastKnownFileType = sourcecode.c.h; path = StarmapPicker.h; sourceTree = "<group>"; };
		D2A1911712FE3C0D00232914 /* StarmapPicker.m */ = {isa = PBXFileReference; fileEncoding = 4; lastKnownFileType = sourcecode.c.objc; path = StarmapPicker.m; sourceTree = "<group>"; };
		D2A1911C12FE3CB700232914 /* StarmapPicker.xib */ = {isa = PBXFileReference; lastKnownFileType = file.xib; path = StarmapPicker.xib; sourceTree = "<group>"; };
		D2A1914D12FE415800232914 /* StarmapView.h */ = {isa = PBXFileReference; fileEncoding = 4; lastKnownFileType = sourcecode.c.h; path = StarmapView.h; sourceTree = "<group>"; };
		D2A1914E12FE415800232914 /* StarmapView.m */ = {isa = PBXFileReference; fileEncoding = 4; lastKnownFileType = sourcecode.c.objc; path = StarmapView.m; sourceTree = "<group>"; };
		D2ACC2C012EE11CA00652FEC /* BaseObjectFlags.h */ = {isa = PBXFileReference; fileEncoding = 4; lastKnownFileType = sourcecode.c.h; path = BaseObjectFlags.h; sourceTree = "<group>"; };
		D2ACC2C112EE11CA00652FEC /* BaseObjectFlags.m */ = {isa = PBXFileReference; fileEncoding = 4; lastKnownFileType = sourcecode.c.objc; path = BaseObjectFlags.m; sourceTree = "<group>"; };
		D2B720BD1308739900008307 /* SMIVImage.h */ = {isa = PBXFileReference; fileEncoding = 4; lastKnownFileType = sourcecode.c.h; path = SMIVImage.h; sourceTree = "<group>"; };
		D2B720BE1308739900008307 /* SMIVImage.m */ = {isa = PBXFileReference; fileEncoding = 4; lastKnownFileType = sourcecode.c.objc; path = SMIVImage.m; sourceTree = "<group>"; };
		D2C55B3A12F321E2007140A2 /* InitialEditor.h */ = {isa = PBXFileReference; fileEncoding = 4; lastKnownFileType = sourcecode.c.h; path = InitialEditor.h; sourceTree = "<group>"; };
		D2C55B3B12F321E2007140A2 /* InitialEditor.m */ = {isa = PBXFileReference; fileEncoding = 4; lastKnownFileType = sourcecode.c.objc; path = InitialEditor.m; sourceTree = "<group>"; };
		D2C55B4B12F3235E007140A2 /* InitialEditor.xib */ = {isa = PBXFileReference; lastKnownFileType = file.xib; path = InitialEditor.xib; sourceTree = "<group>"; };
		D2C9D6F913044E960087EDE4 /* ResSegment.h */ = {isa = PBXFileReference; fileEncoding = 4; lastKnownFileType = sourcecode.c.h; path = ResSegment.h; sourceTree = "<group>"; };
		D2C9D6FA13044E960087EDE4 /* ResSegment.m */ = {isa = PBXFileReference; fileEncoding = 4; lastKnownFileType = sourcecode.c.objc; path = ResSegment.m; sourceTree = "<group>"; };
		D2C9D6FC130462020087EDE4 /* StringTable.h */ = {isa = PBXFileReference; fileEncoding = 4; lastKnownFileType = sourcecode.c.h; path = StringTable.h; sourceTree = "<group>"; };
		D2C9D6FD130462020087EDE4 /* StringTable.m */ = {isa = PBXFileReference; fileEncoding = 4; lastKnownFileType = sourcecode.c.objc; path = StringTable.m; sourceTree = "<group>"; };
		D2D2078913107044000CDCA4 /* ResArchiver.h */ = {isa = PBXFileReference; fileEncoding = 4; lastKnownFileType = sourcecode.c.h; path = ResArchiver.h; sourceTree = "<group>"; };
		D2D2078A13107044000CDCA4 /* ResArchiver.m */ = {isa = PBXFileReference; fileEncoding = 4; lastKnownFileType = sourcecode.c.objc; path = ResArchiver.m; sourceTree = "<group>"; };
		D2D51A1E12E8B87300B7794A /* LuaUnarchiver.h */ = {isa = PBXFileReference; fileEncoding = 4; lastKnownFileType = sourcecode.c.h; path = LuaUnarchiver.h; sourceTree = "<group>"; };
		D2D51A1F12E8B87300B7794A /* LuaUnarchiver.m */ = {isa = PBXFileReference; fileEncoding = 4; lastKnownFileType = sourcecode.c.objc; path = LuaUnarchiver.m; sourceTree = "<group>"; };
		D2D7501812F07F5A00B17631 /* Scenario.h */ = {isa = PBXFileReference; fileEncoding = 4; lastKnownFileType = sourcecode.c.h; path = Scenario.h; sourceTree = "<group>"; };
		D2D7501912F07F5A00B17631 /* Scenario.m */ = {isa = PBXFileReference; fileEncoding = 4; lastKnownFileType = sourcecode.c.objc; path = Scenario.m; sourceTree = "<group>"; };
		D2D7502D12F0874500B17631 /* NSStringExtensions.h */ = {isa = PBXFileReference; fileEncoding = 4; lastKnownFileType = sourcecode.c.h; path = NSStringExtensions.h; sourceTree = "<group>"; };
		D2D7502E12F0874500B17631 /* NSStringExtensions.m */ = {isa = PBXFileReference; fileEncoding = 4; lastKnownFileType = sourcecode.c.objc; path = NSStringExtensions.m; sourceTree = "<group>"; };
		D2DEECB3130A2A74004AB731 /* SpriteEditor.h */ = {isa = PBXFileReference; fileEncoding = 4; lastKnownFileType = sourcecode.c.h; path = SpriteEditor.h; sourceTree = "<group>"; };
		D2DEECB4130A2A74004AB731 /* SpriteEditor.m */ = {isa = PBXFileReference; fileEncoding = 4; lastKnownFileType = sourcecode.c.objc; path = SpriteEditor.m; sourceTree = "<group>"; };
		D2DEECB7130A2AA6004AB731 /* SpriteEditor.xib */ = {isa = PBXFileReference; fileEncoding = 4; lastKnownFileType = file.xib; path = SpriteEditor.xib; sourceTree = "<group>"; };
		D2E03F1712EF191A00F77E59 /* XSBool.h */ = {isa = PBXFileReference; fileEncoding = 4; lastKnownFileType = sourcecode.c.h; path = XSBool.h; sourceTree = "<group>"; };
		D2E03F1812EF191A00F77E59 /* XSBool.m */ = {isa = PBXFileReference; fileEncoding = 4; lastKnownFileType = sourcecode.c.objc; path = XSBool.m; sourceTree = "<group>"; };
		D2E03F2412EF1B1D00F77E59 /* LuaCoding.h */ = {isa = PBXFileReference; fileEncoding = 4; lastKnownFileType = sourcecode.c.h; path = LuaCoding.h; sourceTree = "<group>"; };
		D2E0409812EF3C2B00F77E59 /* ScenarioInitial.h */ = {isa = PBXFileReference; fileEncoding = 4; lastKnownFileType = sourcecode.c.h; path = ScenarioInitial.h; sourceTree = "<group>"; };
		D2E0409912EF3C2B00F77E59 /* ScenarioInitial.m */ = {isa = PBXFileReference; fileEncoding = 4; lastKnownFileType = sourcecode.c.objc; path = ScenarioInitial.m; sourceTree = "<group>"; };
		D2E040AF12EF41A400F77E59 /* XSInteger.h */ = {isa = PBXFileReference; fileEncoding = 4; lastKnownFileType = sourcecode.c.h; path = XSInteger.h; sourceTree = "<group>"; };
		D2E040B012EF41A400F77E59 /* XSInteger.m */ = {isa = PBXFileReference; fileEncoding = 4; lastKnownFileType = sourcecode.c.objc; path = XSInteger.m; sourceTree = "<group>"; };
		D2E452D212EF4BC90099B0F9 /* FlagBlob.h */ = {isa = PBXFileReference; fileEncoding = 4; lastKnownFileType = sourcecode.c.h; path = FlagBlob.h; sourceTree = "<group>"; };
		D2E452D312EF4BC90099B0F9 /* FlagBlob.m */ = {isa = PBXFileReference; fileEncoding = 4; lastKnownFileType = sourcecode.c.objc; path = FlagBlob.m; sourceTree = "<group>"; };
		D2E98D17130AED3F0013EBCA /* SpriteView.h */ = {isa = PBXFileReference; fileEncoding = 4; lastKnownFileType = sourcecode.c.h; path = SpriteView.h; sourceTree = "<group>"; };
		D2E98D18130AED3F0013EBCA /* SpriteView.m */ = {isa = PBXFileReference; fileEncoding = 4; lastKnownFileType = sourcecode.c.objc; path = SpriteView.m; sourceTree = "<group>"; };
		D2F9DABE12F621B400CA8217 /* ScenarioInitialView.h */ = {isa = PBXFileReference; fileEncoding = 4; lastKnownFileType = sourcecode.c.h; path = ScenarioInitialView.h; sourceTree = "<group>"; };
		D2F9DABF12F621B400CA8217 /* ScenarioInitialView.m */ = {isa = PBXFileReference; fileEncoding = 4; lastKnownFileType = sourcecode.c.objc; path = ScenarioInitialView.m; sourceTree = "<group>"; };
		D2FE01B013BBC5AD005C3127 /* NoAction.xib */ = {isa = PBXFileReference; fileEncoding = 4; lastKnownFileType = file.xib; path = NoAction.xib; sourceTree = "<group>"; };
/* End PBXFileReference section */

/* Begin PBXFrameworksBuildPhase section */
		8D15AC330486D014006FF6A4 /* Frameworks */ = {
			isa = PBXFrameworksBuildPhase;
			buildActionMask = 2147483647;
			files = (
				D225D64713039FC500E75803 /* CoreServices.framework in Frameworks */,
				8D15AC340486D014006FF6A4 /* Cocoa.framework in Frameworks */,
				D26B6A33130C15CC00B461FB /* liblua.a in Frameworks */,
			);
			runOnlyForDeploymentPostprocessing = 0;
		};
		D26B69D6130C14CC00B461FB /* Frameworks */ = {
			isa = PBXFrameworksBuildPhase;
			buildActionMask = 2147483647;
			files = (
			);
			runOnlyForDeploymentPostprocessing = 0;
		};
/* End PBXFrameworksBuildPhase section */

/* Begin PBXGroup section */
		1058C7A6FEA54F5311CA2CBB /* Linked Frameworks */ = {
			isa = PBXGroup;
			children = (
				1058C7A7FEA54F5311CA2CBB /* Cocoa.framework */,
				D225D64613039FC500E75803 /* CoreServices.framework */,
			);
			name = "Linked Frameworks";
			sourceTree = "<group>";
		};
		1058C7A8FEA54F5311CA2CBB /* Other Frameworks */ = {
			isa = PBXGroup;
			children = (
				2A37F4C4FDCFA73011CA2CEA /* AppKit.framework */,
				13E42FBA07B3F13500E4EEF1 /* CoreData.framework */,
				2A37F4C5FDCFA73011CA2CEA /* Foundation.framework */,
			);
			name = "Other Frameworks";
			sourceTree = "<group>";
		};
		19C28FB0FE9D524F11CA2CBB /* Products */ = {
			isa = PBXGroup;
			children = (
				8D15AC370486D014006FF6A4 /* Athena.app */,
				D26B69D8130C14CC00B461FB /* liblua.a */,
			);
			name = Products;
			sourceTree = "<group>";
		};
		2A37F4AAFDCFA73011CA2CEA /* Athena */ = {
			isa = PBXGroup;
			children = (
				2A37F4ABFDCFA73011CA2CEA /* Classes */,
				2A37F4AFFDCFA73011CA2CEA /* Other Sources */,
				2A37F4B8FDCFA73011CA2CEA /* Resources */,
				2A37F4C3FDCFA73011CA2CEA /* Frameworks */,
				19C28FB0FE9D524F11CA2CBB /* Products */,
			);
			name = Athena;
			sourceTree = "<group>";
		};
		2A37F4ABFDCFA73011CA2CEA /* Classes */ = {
			isa = PBXGroup;
			children = (
				D21EB32112E8C41E00694EBA /* AresTypes */,
				D264F8BD12E8EE3A0050BCFB /* Archivers */,
				D2781DFC130C884300E0CD75 /* Index support */,
				D293F65D12EBAAFD00EF1CCA /* Wrappers */,
				D288339812F24F7600A02383 /* Interface */,
				D21EB27712E8BAEF00694EBA /* MainData.h */,
				D21EB27812E8BAEF00694EBA /* MainData.m */,
				2A37F4AEFDCFA73011CA2CEA /* AthenaDocument.h */,
				2A37F4ACFDCFA73011CA2CEA /* AthenaDocument.m */,
				D22F1E7512F84BFE00DAC007 /* ApplicationDelagate.h */,
				D22F1E7612F84BFE00DAC007 /* ApplicationDelagate.m */,
			);
			name = Classes;
			sourceTree = "<group>";
		};
		2A37F4AFFDCFA73011CA2CEA /* Other Sources */ = {
			isa = PBXGroup;
			children = (
				D21EB28212E8BDE200694EBA /* lua */,
				2564AD2C0F5327BB00F57823 /* Athena_Prefix.pch */,
				2A37F4B0FDCFA73011CA2CEA /* main.m */,
			);
			name = "Other Sources";
			sourceTree = "<group>";
		};
		2A37F4B8FDCFA73011CA2CEA /* Resources */ = {
			isa = PBXGroup;
			children = (
				D2A1911112FE3BE500232914 /* Starmap.png */,
				2A37F4B9FDCFA73011CA2CEA /* Credits.rtf */,
				8D15AC360486D014006FF6A4 /* Athena-Info.plist */,
				089C165FFE840EACC02AAC07 /* InfoPlist.strings */,
				D2944BBD1315C2E900D1175E /* Nibs */,
			);
			path = Resources;
			sourceTree = "<group>";
		};
		2A37F4C3FDCFA73011CA2CEA /* Frameworks */ = {
			isa = PBXGroup;
			children = (
				1058C7A6FEA54F5311CA2CBB /* Linked Frameworks */,
				1058C7A8FEA54F5311CA2CBB /* Other Frameworks */,
			);
			name = Frameworks;
			sourceTree = "<group>";
		};
		D216CF6213241F92008E24F0 /* Objects */ = {
			isa = PBXGroup;
			children = (
				D26B6A3E130C16D700B461FB /* ObjectEditor.h */,
				D26B6A3F130C16D700B461FB /* ObjectEditor.m */,
				D216CFF513243027008E24F0 /* WeaponViewController.h */,
				D216CFF413243027008E24F0 /* WeaponViewController.m */,
			);
			name = Objects;
			sourceTree = "<group>";
		};
		D216CF68132420DD008E24F0 /* Objects */ = {
			isa = PBXGroup;
			children = (
				D26B6A41130C170900B461FB /* ObjectEditor.xib */,
				D216CF66132420D1008E24F0 /* WeaponView.xib */,
			);
			name = Objects;
			sourceTree = "<group>";
		};
		D21EB28212E8BDE200694EBA /* lua */ = {
			isa = PBXGroup;
			children = (
				D21EB28312E8BDE200694EBA /* lapi.c */,
				D21EB28412E8BDE200694EBA /* lapi.h */,
				D21EB28512E8BDE200694EBA /* lauxlib.c */,
				D21EB28612E8BDE200694EBA /* lauxlib.h */,
				D21EB28712E8BDE200694EBA /* lbaselib.c */,
				D21EB28812E8BDE200694EBA /* lcode.c */,
				D21EB28912E8BDE200694EBA /* lcode.h */,
				D21EB28A12E8BDE200694EBA /* ldblib.c */,
				D21EB28B12E8BDE200694EBA /* ldebug.c */,
				D21EB28C12E8BDE200694EBA /* ldebug.h */,
				D21EB28D12E8BDE200694EBA /* ldo.c */,
				D21EB28E12E8BDE200694EBA /* ldo.h */,
				D21EB28F12E8BDE200694EBA /* ldump.c */,
				D21EB29012E8BDE200694EBA /* lfunc.c */,
				D21EB29112E8BDE200694EBA /* lfunc.h */,
				D21EB29212E8BDE200694EBA /* lgc.c */,
				D21EB29312E8BDE200694EBA /* lgc.h */,
				D21EB29412E8BDE200694EBA /* linit.c */,
				D21EB29512E8BDE200694EBA /* liolib.c */,
				D21EB29612E8BDE200694EBA /* llex.c */,
				D21EB29712E8BDE200694EBA /* llex.h */,
				D21EB29812E8BDE200694EBA /* llimits.h */,
				D21EB29912E8BDE200694EBA /* lmathlib.c */,
				D21EB29A12E8BDE200694EBA /* lmem.c */,
				D21EB29B12E8BDE200694EBA /* lmem.h */,
				D21EB29C12E8BDE200694EBA /* loadlib.c */,
				D21EB29D12E8BDE200694EBA /* lobject.c */,
				D21EB29E12E8BDE200694EBA /* lobject.h */,
				D21EB29F12E8BDE200694EBA /* lopcodes.c */,
				D21EB2A012E8BDE200694EBA /* lopcodes.h */,
				D21EB2A112E8BDE200694EBA /* loslib.c */,
				D21EB2A212E8BDE200694EBA /* lparser.c */,
				D21EB2A312E8BDE200694EBA /* lparser.h */,
				D21EB2A412E8BDE200694EBA /* lstate.c */,
				D21EB2A512E8BDE200694EBA /* lstate.h */,
				D21EB2A612E8BDE200694EBA /* lstring.c */,
				D21EB2A712E8BDE200694EBA /* lstring.h */,
				D21EB2A812E8BDE200694EBA /* lstrlib.c */,
				D21EB2A912E8BDE200694EBA /* ltable.c */,
				D21EB2AA12E8BDE200694EBA /* ltable.h */,
				D21EB2AB12E8BDE200694EBA /* ltablib.c */,
				D21EB2AC12E8BDE200694EBA /* ltm.c */,
				D21EB2AD12E8BDE200694EBA /* ltm.h */,
				D21EB2AE12E8BDE200694EBA /* lua.c */,
				D21EB2AF12E8BDE200694EBA /* lua.h */,
				D21EB2B012E8BDE200694EBA /* luac.c */,
				D21EB2B112E8BDE200694EBA /* luaconf.h */,
				D21EB2B212E8BDE200694EBA /* lualib.h */,
				D21EB2B312E8BDE200694EBA /* lundump.c */,
				D21EB2B412E8BDE200694EBA /* lundump.h */,
				D21EB2B512E8BDE200694EBA /* lvm.c */,
				D21EB2B612E8BDE200694EBA /* lvm.h */,
				D21EB2B712E8BDE200694EBA /* lzio.c */,
				D21EB2B812E8BDE200694EBA /* lzio.h */,
				D21EB2BA12E8BDE200694EBA /* print.c */,
			);
			path = lua;
			sourceTree = "<group>";
		};
		D21EB32112E8C41E00694EBA /* AresTypes */ = {
			isa = PBXGroup;
			children = (
				D23EDD2112EE8129002699A4 /* Color.h */,
				D2E452D212EF4BC90099B0F9 /* FlagBlob.h */,
				D2E452D312EF4BC90099B0F9 /* FlagBlob.m */,
				D28831CC12F21E4E00A02383 /* Actions */,
				D29510AF12EE770200AE3316 /* BaseObjects */,
				D2A1911F12FE3DC600232914 /* Scenario */,
				D293F5D612EB78E000EF1CCA /* Race.h */,
				D293F5D712EB78E000EF1CCA /* Race.m */,
				D2C9D6FC130462020087EDE4 /* StringTable.h */,
				D2C9D6FD130462020087EDE4 /* StringTable.m */,
				D2764FA81307528D00C847E4 /* Media */,
			);
			path = AresTypes;
			sourceTree = "<group>";
		};
		D225D64013039D2F00E75803 /* Lua */ = {
			isa = PBXGroup;
			children = (
				D2E03F2412EF1B1D00F77E59 /* LuaCoding.h */,
				D2D51A1E12E8B87300B7794A /* LuaUnarchiver.h */,
				D2D51A1F12E8B87300B7794A /* LuaUnarchiver.m */,
				D216E72F12E9DE1700D17AFB /* LuaArchiver.h */,
				D216E73012E9DE1700D17AFB /* LuaArchiver.m */,
			);
			path = Lua;
			sourceTree = "<group>";
		};
		D225D64213039D5900E75803 /* Resource */ = {
			isa = PBXGroup;
			children = (
				D225D64113039D5100E75803 /* ResCoding.h */,
				D2C9D6F913044E960087EDE4 /* ResSegment.h */,
				D2C9D6FA13044E960087EDE4 /* ResSegment.m */,
				D21FC226131580E700F33E5A /* ResEntry.h */,
				D21FC227131580E700F33E5A /* ResEntry.m */,
				D2D2078913107044000CDCA4 /* ResArchiver.h */,
				D2D2078A13107044000CDCA4 /* ResArchiver.m */,
				D225D64313039F0D00E75803 /* ResUnarchiver.h */,
				D225D64413039F0D00E75803 /* ResUnarchiver.m */,
			);
			path = Resource;
			sourceTree = "<group>";
		};
		D264F8BD12E8EE3A0050BCFB /* Archivers */ = {
			isa = PBXGroup;
			children = (
				D2802FD412EA572500F1A0B0 /* Archivers.h */,
				D225D64013039D2F00E75803 /* Lua */,
				D225D64213039D5900E75803 /* Resource */,
			);
			path = Archivers;
			sourceTree = "<group>";
		};
		D2764FA81307528D00C847E4 /* Media */ = {
			isa = PBXGroup;
			children = (
				D2B720BD1308739900008307 /* SMIVImage.h */,
				D2B720BE1308739900008307 /* SMIVImage.m */,
				D29690D713C50E7D005FD7A3 /* XSSound.h */,
				D29690D813C50E7D005FD7A3 /* XSSound.m */,
			);
			name = Media;
			sourceTree = "<group>";
		};
		D2781DFC130C884300E0CD75 /* Index support */ = {
			isa = PBXGroup;
			children = (
				D2781DEA130C7AC100E0CD75 /* IndexedObject.h */,
				D2781DEB130C7AC100E0CD75 /* IndexedObject.m */,
			);
			name = "Index support";
			sourceTree = "<group>";
		};
		D28831CC12F21E4E00A02383 /* Actions */ = {
			isa = PBXGroup;
			children = (
				D2882D3312F1F02D00A02383 /* Action.h */,
				D2882D3412F1F02D00A02383 /* Action.m */,
				D288326612F2340300A02383 /* AlterActions.h */,
				D288326712F2340300A02383 /* AlterActions.m */,
				D28831CD12F21E7F00A02383 /* SubActions.h */,
				D28831CE12F21E7F00A02383 /* SubActions.m */,
			);
			path = Actions;
			sourceTree = "<group>";
		};
		D288339812F24F7600A02383 /* Interface */ = {
			isa = PBXGroup;
			children = (
				D29595FB13C3C398002BC25C /* Reusable */,
				D29595FA13C3C386002BC25C /* Actions */,
				D2E98D16130AED1B0013EBCA /* Sprites */,
				D216CF6213241F92008E24F0 /* Objects */,
				D288339512F24F7000A02383 /* RaceEditor.h */,
				D288339612F24F7000A02383 /* RaceEditor.m */,
				D2A1911412FE3BEF00232914 /* Scenarios */,
			);
			path = Interface;
			sourceTree = "<group>";
		};
		D293F65D12EBAAFD00EF1CCA /* Wrappers */ = {
			isa = PBXGroup;
			children = (
				D2E03F1712EF191A00F77E59 /* XSBool.h */,
				D2E03F1812EF191A00F77E59 /* XSBool.m */,
				D2E040AF12EF41A400F77E59 /* XSInteger.h */,
				D2E040B012EF41A400F77E59 /* XSInteger.m */,
				D293F65A12EBAAF600EF1CCA /* XSPoint.h */,
				D293F65B12EBAAF600EF1CCA /* XSPoint.m */,
				D293F6A512EBB03200EF1CCA /* XSRange.h */,
				D293F6A612EBB03200EF1CCA /* XSRange.m */,
				D2D7502D12F0874500B17631 /* NSStringExtensions.h */,
				D2D7502E12F0874500B17631 /* NSStringExtensions.m */,
				D2944B081315B29900D1175E /* XSText.h */,
				D2944B091315B29900D1175E /* XSText.m */,
			);
			path = Wrappers;
			sourceTree = "<group>";
		};
		D2944BBD1315C2E900D1175E /* Nibs */ = {
			isa = PBXGroup;
			children = (
				1DDD58280DA1D0D100B32029 /* AthenaDocument.xib */,
				1DDD582A0DA1D0D100B32029 /* MainMenu.xib */,
				D225D5E713035E9A00E75803 /* BriefingEditor.xib */,
				D216CF68132420DD008E24F0 /* Objects */,
				D2DEECB7130A2AA6004AB731 /* SpriteEditor.xib */,
				D288339112F24F4100A02383 /* RaceEditor.xib */,
				D2DEECB6130A2A8D004AB731 /* Scenarios */,
				D2C7AD4913BB672E003B941F /* Actions */,
			);
			name = Nibs;
			sourceTree = "<group>";
		};
		D29510AF12EE770200AE3316 /* BaseObjects */ = {
			isa = PBXGroup;
			children = (
				D21EB31D12E8C41700694EBA /* BaseObject.h */,
				D21EB31E12E8C41700694EBA /* BaseObject.m */,
				D2ACC2C012EE11CA00652FEC /* BaseObjectFlags.h */,
				D2ACC2C112EE11CA00652FEC /* BaseObjectFlags.m */,
				D29510B012EE771300AE3316 /* ActionRefs.h */,
				D29510B112EE771300AE3316 /* ActionRefs.m */,
				D295110412EE7BB700AE3316 /* FrameData.h */,
				D295110512EE7BB700AE3316 /* FrameData.m */,
			);
			path = BaseObjects;
			sourceTree = "<group>";
		};
		D29595FA13C3C386002BC25C /* Actions */ = {
			isa = PBXGroup;
			children = (
				D2971B9B137072E8004EE1E0 /* ActionEditor.h */,
				D2971B9C137072E8004EE1E0 /* ActionEditor.m */,
				D29595FC13C3C42B002BC25C /* ActionViewController.h */,
				D29595FD13C3C42B002BC25C /* ActionViewController.m */,
			);
			name = Actions;
			sourceTree = "<group>";
		};
		D29595FB13C3C398002BC25C /* Reusable */ = {
			isa = PBXGroup;
			children = (
				D25A40451327327F0017030B /* FlagMenuPopulator.h */,
				D25A40461327327F0017030B /* FlagMenuPopulator.m */,
			);
			name = Reusable;
			sourceTree = "<group>";
		};
		D2A1911412FE3BEF00232914 /* Scenarios */ = {
			isa = PBXGroup;
			children = (
				D288343E12F263CC00A02383 /* ScenarioEditor.h */,
				D288343F12F263CC00A02383 /* ScenarioEditor.m */,
				D2A1914C12FE414900232914 /* Starmap */,
				D2A1911512FE3BFB00232914 /* Initials */,
				D2E865A71301E5310075B7F9 /* Briefings */,
			);
			name = Scenarios;
			sourceTree = "<group>";
		};
		D2A1911512FE3BFB00232914 /* Initials */ = {
			isa = PBXGroup;
			children = (
				D2C55B3A12F321E2007140A2 /* InitialEditor.h */,
				D2C55B3B12F321E2007140A2 /* InitialEditor.m */,
				D2F9DABE12F621B400CA8217 /* ScenarioInitialView.h */,
				D2F9DABF12F621B400CA8217 /* ScenarioInitialView.m */,
			);
			name = Initials;
			sourceTree = "<group>";
		};
		D2A1911F12FE3DC600232914 /* Scenario */ = {
			isa = PBXGroup;
			children = (
				D2D7501812F07F5A00B17631 /* Scenario.h */,
				D2D7501912F07F5A00B17631 /* Scenario.m */,
				D2E0409812EF3C2B00F77E59 /* ScenarioInitial.h */,
				D2E0409912EF3C2B00F77E59 /* ScenarioInitial.m */,
				D293F5E712EB82ED00EF1CCA /* BriefPoint.h */,
				D293F5E812EB82ED00EF1CCA /* BriefPoint.m */,
				D2882C2412F1D41400A02383 /* Condition.h */,
				D2882C2512F1D41400A02383 /* Condition.m */,
			);
			name = Scenario;
			sourceTree = "<group>";
		};
		D2A1914C12FE414900232914 /* Starmap */ = {
			isa = PBXGroup;
			children = (
				D2A1911612FE3C0D00232914 /* StarmapPicker.h */,
				D2A1911712FE3C0D00232914 /* StarmapPicker.m */,
				D2A1914D12FE415800232914 /* StarmapView.h */,
				D2A1914E12FE415800232914 /* StarmapView.m */,
			);
			name = Starmap;
			sourceTree = "<group>";
		};
		D2C7AD4913BB672E003B941F /* Actions */ = {
			isa = PBXGroup;
			children = (
				D2971B981370727E004EE1E0 /* ActionEditor.xib */,
				D2C7AD4A13BB6748003B941F /* SubEditors */,
			);
			name = Actions;
			sourceTree = "<group>";
		};
		D2C7AD4A13BB6748003B941F /* SubEditors */ = {
			isa = PBXGroup;
			children = (
				D2FE01B013BBC5AD005C3127 /* NoAction.xib */,
				D27153D413BD401800F0C920 /* CreateObject.xib */,
			);
			name = SubEditors;
			path = Actions;
			sourceTree = "<group>";
		};
		D2DEECB6130A2A8D004AB731 /* Scenarios */ = {
			isa = PBXGroup;
			children = (
				D288344912F2642B00A02383 /* ScenarioEditor.xib */,
				D2C55B4B12F3235E007140A2 /* InitialEditor.xib */,
				D2A1911C12FE3CB700232914 /* StarmapPicker.xib */,
			);
			name = Scenarios;
			sourceTree = "<group>";
		};
		D2E865A71301E5310075B7F9 /* Briefings */ = {
			isa = PBXGroup;
			children = (
				D253B46A13033B1300F0F66A /* BriefingEditor.h */,
				D253B46B13033B1300F0F66A /* BriefingEditor.m */,
			);
			name = Briefings;
			sourceTree = "<group>";
		};
		D2E98D16130AED1B0013EBCA /* Sprites */ = {
			isa = PBXGroup;
			children = (
				D2DEECB3130A2A74004AB731 /* SpriteEditor.h */,
				D2DEECB4130A2A74004AB731 /* SpriteEditor.m */,
				D2E98D17130AED3F0013EBCA /* SpriteView.h */,
				D2E98D18130AED3F0013EBCA /* SpriteView.m */,
			);
			name = Sprites;
			sourceTree = "<group>";
		};
/* End PBXGroup section */

/* Begin PBXHeadersBuildPhase section */
		D26B69D4130C14CC00B461FB /* Headers */ = {
			isa = PBXHeadersBuildPhase;
			buildActionMask = 2147483647;
			files = (
				D26B69DC130C14EC00B461FB /* lapi.h in Headers */,
				D26B69DE130C14FA00B461FB /* lauxlib.h in Headers */,
				D26B69E1130C14FD00B461FB /* lcode.h in Headers */,
				D26B69E4130C150100B461FB /* ldebug.h in Headers */,
				D26B69E6130C150300B461FB /* ldo.h in Headers */,
				D26B69E9130C150A00B461FB /* lfunc.h in Headers */,
				D26B69EB130C150D00B461FB /* lgc.h in Headers */,
				D26B6A03130C151300B461FB /* llex.h in Headers */,
				D26B6A05130C151800B461FB /* lzio.h in Headers */,
				D26B6A07130C151900B461FB /* lvm.h in Headers */,
				D26B6A09130C151C00B461FB /* lundump.h in Headers */,
				D26B6A0B130C151E00B461FB /* lualib.h in Headers */,
				D26B6A0C130C151F00B461FB /* luaconf.h in Headers */,
				D26B6A0E130C152100B461FB /* lua.h in Headers */,
				D26B6A11130C152500B461FB /* ltm.h in Headers */,
				D26B6A13130C152700B461FB /* ltable.h in Headers */,
				D26B6A16130C152B00B461FB /* lstring.h in Headers */,
				D26B6A18130C152D00B461FB /* lstate.h in Headers */,
				D26B6A1A130C153000B461FB /* lparser.h in Headers */,
				D26B6A1F130C153800B461FB /* lmem.h in Headers */,
				D26B6A22130C153C00B461FB /* lobject.h in Headers */,
				D26B6A24130C153E00B461FB /* lopcodes.h in Headers */,
				D26B6A26130C154400B461FB /* llimits.h in Headers */,
			);
			runOnlyForDeploymentPostprocessing = 0;
		};
/* End PBXHeadersBuildPhase section */

/* Begin PBXNativeTarget section */
		8D15AC270486D014006FF6A4 /* Athena */ = {
			isa = PBXNativeTarget;
			buildConfigurationList = C05733C708A9546B00998B17 /* Build configuration list for PBXNativeTarget "Athena" */;
			buildPhases = (
				8D15AC2B0486D014006FF6A4 /* Resources */,
				8D15AC300486D014006FF6A4 /* Sources */,
				8D15AC330486D014006FF6A4 /* Frameworks */,
			);
			buildRules = (
			);
			dependencies = (
				D26B6A2B130C15AC00B461FB /* PBXTargetDependency */,
			);
			name = Athena;
			productInstallPath = "$(HOME)/Applications";
			productName = Athena;
			productReference = 8D15AC370486D014006FF6A4 /* Athena.app */;
			productType = "com.apple.product-type.application";
		};
		D26B69D7130C14CC00B461FB /* lua */ = {
			isa = PBXNativeTarget;
			buildConfigurationList = D26B6A00130C150F00B461FB /* Build configuration list for PBXNativeTarget "lua" */;
			buildPhases = (
				D26B69D4130C14CC00B461FB /* Headers */,
				D26B69D5130C14CC00B461FB /* Sources */,
				D26B69D6130C14CC00B461FB /* Frameworks */,
			);
			buildRules = (
			);
			dependencies = (
			);
			name = lua;
			productName = lua;
			productReference = D26B69D8130C14CC00B461FB /* liblua.a */;
			productType = "com.apple.product-type.library.static";
		};
/* End PBXNativeTarget section */

/* Begin PBXProject section */
		2A37F4A9FDCFA73011CA2CEA /* Project object */ = {
			isa = PBXProject;
			buildConfigurationList = C05733CB08A9546B00998B17 /* Build configuration list for PBXProject "Athena" */;
			compatibilityVersion = "Xcode 3.1";
			developmentRegion = English;
			hasScannedForEncodings = 1;
			knownRegions = (
				en,
			);
			mainGroup = 2A37F4AAFDCFA73011CA2CEA /* Athena */;
			projectDirPath = "";
			projectRoot = "";
			targets = (
				8D15AC270486D014006FF6A4 /* Athena */,
				D26B69D7130C14CC00B461FB /* lua */,
			);
		};
/* End PBXProject section */

/* Begin PBXResourcesBuildPhase section */
		8D15AC2B0486D014006FF6A4 /* Resources */ = {
			isa = PBXResourcesBuildPhase;
			buildActionMask = 2147483647;
			files = (
				8D15AC2C0486D014006FF6A4 /* Credits.rtf in Resources */,
				8D15AC2F0486D014006FF6A4 /* InfoPlist.strings in Resources */,
				1DDD582C0DA1D0D100B32029 /* AthenaDocument.xib in Resources */,
				1DDD582D0DA1D0D100B32029 /* MainMenu.xib in Resources */,
				D288339212F24F4100A02383 /* RaceEditor.xib in Resources */,
				D288344A12F2642B00A02383 /* ScenarioEditor.xib in Resources */,
				D2C55B4C12F3235E007140A2 /* InitialEditor.xib in Resources */,
				D2A1911212FE3BE500232914 /* Starmap.png in Resources */,
				D2A1911D12FE3CB700232914 /* StarmapPicker.xib in Resources */,
				D225D5E813035E9A00E75803 /* BriefingEditor.xib in Resources */,
				D2DEECB8130A2AA6004AB731 /* SpriteEditor.xib in Resources */,
				D26B6A42130C170900B461FB /* ObjectEditor.xib in Resources */,
				D216CF67132420D1008E24F0 /* WeaponView.xib in Resources */,
				D2971B9A1370727E004EE1E0 /* ActionEditor.xib in Resources */,
				D2FE01B113BBC5AD005C3127 /* NoAction.xib in Resources */,
				D27153D513BD401800F0C920 /* CreateObject.xib in Resources */,
			);
			runOnlyForDeploymentPostprocessing = 0;
		};
/* End PBXResourcesBuildPhase section */

/* Begin PBXSourcesBuildPhase section */
		8D15AC300486D014006FF6A4 /* Sources */ = {
			isa = PBXSourcesBuildPhase;
			buildActionMask = 2147483647;
			files = (
				8D15AC310486D014006FF6A4 /* AthenaDocument.m in Sources */,
				8D15AC320486D014006FF6A4 /* main.m in Sources */,
				D2D51A2012E8B87300B7794A /* LuaUnarchiver.m in Sources */,
				D21EB27912E8BAEF00694EBA /* MainData.m in Sources */,
				D21EB2BD12E8BDE200694EBA /* lbaselib.c in Sources */,
				D21EB2C212E8BDE200694EBA /* ldump.c in Sources */,
				D21EB2C312E8BDE200694EBA /* lfunc.c in Sources */,
				D21EB2C812E8BDE200694EBA /* lmathlib.c in Sources */,
				D21EB2CD12E8BDE200694EBA /* loslib.c in Sources */,
				D21EB2D112E8BDE200694EBA /* lstrlib.c in Sources */,
				D21EB2D412E8BDE200694EBA /* ltm.c in Sources */,
				D21EB2D912E8BDE200694EBA /* lzio.c in Sources */,
				D21EB31F12E8C41700694EBA /* BaseObject.m in Sources */,
				D216E73112E9DE1700D17AFB /* LuaArchiver.m in Sources */,
				D293F5D812EB78E000EF1CCA /* Race.m in Sources */,
				D293F5E912EB82ED00EF1CCA /* BriefPoint.m in Sources */,
				D293F65C12EBAAF600EF1CCA /* XSPoint.m in Sources */,
				D293F6A712EBB03200EF1CCA /* XSRange.m in Sources */,
				D2ACC2C212EE11CA00652FEC /* BaseObjectFlags.m in Sources */,
				D29510B212EE771300AE3316 /* ActionRefs.m in Sources */,
				D295110612EE7BB700AE3316 /* FrameData.m in Sources */,
				D2E03F1912EF191A00F77E59 /* XSBool.m in Sources */,
				D2E0409A12EF3C2B00F77E59 /* ScenarioInitial.m in Sources */,
				D2E040B112EF41A400F77E59 /* XSInteger.m in Sources */,
				D2E452D412EF4BC90099B0F9 /* FlagBlob.m in Sources */,
				D2D7501A12F07F5A00B17631 /* Scenario.m in Sources */,
				D2D7502F12F0874500B17631 /* NSStringExtensions.m in Sources */,
				D2882C2612F1D41400A02383 /* Condition.m in Sources */,
				D2882D3512F1F02D00A02383 /* Action.m in Sources */,
				D28831CF12F21E7F00A02383 /* SubActions.m in Sources */,
				D288326812F2340300A02383 /* AlterActions.m in Sources */,
				D288339712F24F7000A02383 /* RaceEditor.m in Sources */,
				D288344012F263CC00A02383 /* ScenarioEditor.m in Sources */,
				D2C55B3C12F321E2007140A2 /* InitialEditor.m in Sources */,
				D2F9DAC012F621B400CA8217 /* ScenarioInitialView.m in Sources */,
				D22F1E7712F84BFE00DAC007 /* ApplicationDelagate.m in Sources */,
				D2A1911812FE3C0D00232914 /* StarmapPicker.m in Sources */,
				D2A1914F12FE415800232914 /* StarmapView.m in Sources */,
				D253B46C13033B1300F0F66A /* BriefingEditor.m in Sources */,
				D225D64513039F0D00E75803 /* ResUnarchiver.m in Sources */,
				D2C9D6FB13044E970087EDE4 /* ResSegment.m in Sources */,
				D2C9D6FE130462020087EDE4 /* StringTable.m in Sources */,
				D2B720BF1308739900008307 /* SMIVImage.m in Sources */,
				D2DEECB5130A2A74004AB731 /* SpriteEditor.m in Sources */,
				D2E98D19130AED3F0013EBCA /* SpriteView.m in Sources */,
				D26B6A40130C16D700B461FB /* ObjectEditor.m in Sources */,
				D2781DEC130C7AC100E0CD75 /* IndexedObject.m in Sources */,
				D2D2078B13107044000CDCA4 /* ResArchiver.m in Sources */,
				D21FC228131580E700F33E5A /* ResEntry.m in Sources */,
				D2944B0A1315B29900D1175E /* XSText.m in Sources */,
				D216CFF613243027008E24F0 /* WeaponViewController.m in Sources */,
				D25A40471327327F0017030B /* FlagMenuPopulator.m in Sources */,
				D2971B9D137072E8004EE1E0 /* ActionEditor.m in Sources */,
				D29595FF13C3C42B002BC25C /* ActionViewController.m in Sources */,
				D29690D913C50E7E005FD7A3 /* XSSound.m in Sources */,
			);
			runOnlyForDeploymentPostprocessing = 0;
		};
		D26B69D5130C14CC00B461FB /* Sources */ = {
			isa = PBXSourcesBuildPhase;
			buildActionMask = 2147483647;
			files = (
				D26B69DB130C14EB00B461FB /* lapi.c in Sources */,
				D26B69DD130C14ED00B461FB /* lauxlib.c in Sources */,
				D26B69DF130C14FB00B461FB /* lbaselib.c in Sources */,
				D26B69E0130C14FC00B461FB /* lcode.c in Sources */,
				D26B69E2130C14FE00B461FB /* ldblib.c in Sources */,
				D26B69E3130C14FF00B461FB /* ldebug.c in Sources */,
				D26B69E5130C150200B461FB /* ldo.c in Sources */,
				D26B69E7130C150500B461FB /* ldump.c in Sources */,
				D26B69E8130C150800B461FB /* lfunc.c in Sources */,
				D26B69EA130C150C00B461FB /* lgc.c in Sources */,
				D26B69EC130C150E00B461FB /* linit.c in Sources */,
				D26B6A01130C151000B461FB /* liolib.c in Sources */,
				D26B6A02130C151100B461FB /* llex.c in Sources */,
				D26B6A04130C151700B461FB /* print.c in Sources */,
				D26B6A06130C151800B461FB /* lzio.c in Sources */,
				D26B6A08130C151B00B461FB /* lvm.c in Sources */,
				D26B6A0A130C151D00B461FB /* lundump.c in Sources */,
				D26B6A0F130C152300B461FB /* ltablib.c in Sources */,
				D26B6A10130C152400B461FB /* ltm.c in Sources */,
				D26B6A14130C152800B461FB /* ltable.c in Sources */,
				D26B6A15130C152A00B461FB /* lstrlib.c in Sources */,
				D26B6A17130C152C00B461FB /* lstring.c in Sources */,
				D26B6A1B130C153100B461FB /* lstate.c in Sources */,
				D26B6A1C130C153200B461FB /* lparser.c in Sources */,
				D26B6A1D130C153600B461FB /* lmathlib.c in Sources */,
				D26B6A1E130C153700B461FB /* lmem.c in Sources */,
				D26B6A20130C153A00B461FB /* lobject.c in Sources */,
				D26B6A21130C153B00B461FB /* loadlib.c in Sources */,
				D26B6A23130C153D00B461FB /* lopcodes.c in Sources */,
				D26B6A25130C154000B461FB /* loslib.c in Sources */,
			);
			runOnlyForDeploymentPostprocessing = 0;
		};
/* End PBXSourcesBuildPhase section */

/* Begin PBXTargetDependency section */
		D26B6A2B130C15AC00B461FB /* PBXTargetDependency */ = {
			isa = PBXTargetDependency;
			target = D26B69D7130C14CC00B461FB /* lua */;
			targetProxy = D26B6A2A130C15AC00B461FB /* PBXContainerItemProxy */;
		};
/* End PBXTargetDependency section */

/* Begin PBXVariantGroup section */
		089C165FFE840EACC02AAC07 /* InfoPlist.strings */ = {
			isa = PBXVariantGroup;
			children = (
				089C1660FE840EACC02AAC07 /* English */,
			);
			name = InfoPlist.strings;
			sourceTree = "<group>";
		};
		1DDD58280DA1D0D100B32029 /* AthenaDocument.xib */ = {
			isa = PBXVariantGroup;
			children = (
				1DDD58290DA1D0D100B32029 /* English */,
			);
			name = AthenaDocument.xib;
			sourceTree = "<group>";
		};
		1DDD582A0DA1D0D100B32029 /* MainMenu.xib */ = {
			isa = PBXVariantGroup;
			children = (
				1DDD582B0DA1D0D100B32029 /* English */,
			);
			name = MainMenu.xib;
			sourceTree = "<group>";
		};
		2A37F4B9FDCFA73011CA2CEA /* Credits.rtf */ = {
			isa = PBXVariantGroup;
			children = (
				2A37F4BAFDCFA73011CA2CEA /* English */,
			);
			name = Credits.rtf;
			sourceTree = "<group>";
		};
/* End PBXVariantGroup section */

/* Begin XCBuildConfiguration section */
		C05733C808A9546B00998B17 /* Debug */ = {
			isa = XCBuildConfiguration;
			buildSettings = {
				ALWAYS_SEARCH_USER_PATHS = NO;
				COPY_PHASE_STRIP = NO;
				GCC_DYNAMIC_NO_PIC = NO;
				GCC_ENABLE_FIX_AND_CONTINUE = YES;
				GCC_MODEL_TUNING = core2;
				GCC_OPTIMIZATION_LEVEL = 0;
				GCC_PRECOMPILE_PREFIX_HEADER = YES;
				GCC_PREFIX_HEADER = Athena_Prefix.pch;
				GCC_VERSION = com.apple.compilers.llvm.clang.1_0;
				INFOPLIST_FILE = "Athena-Info.plist";
				INSTALL_PATH = "$(HOME)/Applications";
				PRODUCT_NAME = Athena;
			};
			name = Debug;
		};
		C05733C908A9546B00998B17 /* Release */ = {
			isa = XCBuildConfiguration;
			buildSettings = {
				ALWAYS_SEARCH_USER_PATHS = NO;
				DEBUG_INFORMATION_FORMAT = "dwarf-with-dsym";
				GCC_MODEL_TUNING = core2;
				GCC_PRECOMPILE_PREFIX_HEADER = YES;
				GCC_PREFIX_HEADER = Athena_Prefix.pch;
				GCC_VERSION = com.apple.compilers.llvm.clang.1_0;
				INFOPLIST_FILE = "Athena-Info.plist";
				INSTALL_PATH = "$(HOME)/Applications";
				PRODUCT_NAME = Athena;
			};
			name = Release;
		};
		C05733CC08A9546B00998B17 /* Debug */ = {
			isa = XCBuildConfiguration;
			buildSettings = {
				ARCHS = "$(ARCHS_STANDARD_32_64_BIT)";
				GCC_C_LANGUAGE_STANDARD = gnu99;
				GCC_OPTIMIZATION_LEVEL = 0;
				GCC_WARN_ABOUT_RETURN_TYPE = YES;
				GCC_WARN_UNUSED_VARIABLE = YES;
				ONLY_ACTIVE_ARCH = YES;
				PREBINDING = NO;
				SDKROOT = macosx10.6;
			};
			name = Debug;
		};
		C05733CD08A9546B00998B17 /* Release */ = {
			isa = XCBuildConfiguration;
			buildSettings = {
				ARCHS = "$(ARCHS_STANDARD_32_64_BIT)";
				GCC_C_LANGUAGE_STANDARD = gnu99;
				GCC_WARN_ABOUT_RETURN_TYPE = YES;
				GCC_WARN_UNUSED_VARIABLE = YES;
				PREBINDING = NO;
				SDKROOT = macosx10.6;
			};
			name = Release;
		};
		D26B69D9130C14CD00B461FB /* Debug */ = {
			isa = XCBuildConfiguration;
			buildSettings = {
				ALWAYS_SEARCH_USER_PATHS = NO;
				COPY_PHASE_STRIP = NO;
				GCC_DYNAMIC_NO_PIC = NO;
				GCC_ENABLE_FIX_AND_CONTINUE = YES;
				GCC_MODEL_TUNING = core2;
				GCC_OPTIMIZATION_LEVEL = 0;
				GCC_VERSION = com.apple.compilers.llvm.clang.1_0;
				INSTALL_PATH = /usr/local/lib;
				PREBINDING = NO;
				PRODUCT_NAME = lua;
			};
			name = Debug;
		};
		D26B69DA130C14CD00B461FB /* Release */ = {
			isa = XCBuildConfiguration;
			buildSettings = {
				ALWAYS_SEARCH_USER_PATHS = NO;
				COPY_PHASE_STRIP = YES;
				DEBUG_INFORMATION_FORMAT = "dwarf-with-dsym";
				GCC_ENABLE_FIX_AND_CONTINUE = NO;
				GCC_MODEL_TUNING = core2;
				GCC_VERSION = com.apple.compilers.llvm.clang.1_0;
				INSTALL_PATH = /usr/local/lib;
				PREBINDING = NO;
				PRODUCT_NAME = lua;
				ZERO_LINK = NO;
			};
			name = Release;
		};
/* End XCBuildConfiguration section */

/* Begin XCConfigurationList section */
		C05733C708A9546B00998B17 /* Build configuration list for PBXNativeTarget "Athena" */ = {
			isa = XCConfigurationList;
			buildConfigurations = (
				C05733C808A9546B00998B17 /* Debug */,
				C05733C908A9546B00998B17 /* Release */,
			);
			defaultConfigurationIsVisible = 0;
			defaultConfigurationName = Release;
		};
		C05733CB08A9546B00998B17 /* Build configuration list for PBXProject "Athena" */ = {
			isa = XCConfigurationList;
			buildConfigurations = (
				C05733CC08A9546B00998B17 /* Debug */,
				C05733CD08A9546B00998B17 /* Release */,
			);
			defaultConfigurationIsVisible = 0;
			defaultConfigurationName = Release;
		};
		D26B6A00130C150F00B461FB /* Build configuration list for PBXNativeTarget "lua" */ = {
			isa = XCConfigurationList;
			buildConfigurations = (
				D26B69D9130C14CD00B461FB /* Debug */,
				D26B69DA130C14CD00B461FB /* Release */,
			);
			defaultConfigurationIsVisible = 0;
			defaultConfigurationName = Release;
		};
/* End XCConfigurationList section */
	};
	rootObject = 2A37F4A9FDCFA73011CA2CEA /* Project object */;
}
